// !$*UTF8*$!
{
	archiveVersion = 1;
	classes = {
	};
	objectVersion = 46;
	objects = {

/* Begin PBXBuildFile section */
		351535021DC006940089BD14 /* AddTaxPayerViewController.xib in Resources */ = {isa = PBXBuildFile; fileRef = 351535041DC006940089BD14 /* AddTaxPayerViewController.xib */; };
		351535071DC007360089BD14 /* ContainerViewController.xib in Resources */ = {isa = PBXBuildFile; fileRef = 351535091DC007360089BD14 /* ContainerViewController.xib */; };
		3515350C1DC007620089BD14 /* AddStayViewController.xib in Resources */ = {isa = PBXBuildFile; fileRef = 3515350E1DC007620089BD14 /* AddStayViewController.xib */; };
		351535111DC007780089BD14 /* ChooseDynamicDateController.xib in Resources */ = {isa = PBXBuildFile; fileRef = 351535131DC007780089BD14 /* ChooseDynamicDateController.xib */; };
		351535161DC007900089BD14 /* ResultsViewController.xib in Resources */ = {isa = PBXBuildFile; fileRef = 351535181DC007900089BD14 /* ResultsViewController.xib */; };
		351686F01DA6B93100F21534 /* AddTaxPayerViewModel.swift in Sources */ = {isa = PBXBuildFile; fileRef = 351686EF1DA6B93100F21534 /* AddTaxPayerViewModel.swift */; };
		351686F51DA6E41600F21534 /* TaxPayersViewModel.swift in Sources */ = {isa = PBXBuildFile; fileRef = 351686F41DA6E41600F21534 /* TaxPayersViewModel.swift */; };
		3517A9441D81EB8F00681E40 /* NSUserDefaults.swift in Sources */ = {isa = PBXBuildFile; fileRef = 3517A9431D81EB8F00681E40 /* NSUserDefaults.swift */; };
		3517A9461D81F5BB00681E40 /* AddStayViewController.swift in Sources */ = {isa = PBXBuildFile; fileRef = 3517A9451D81F5BB00681E40 /* AddStayViewController.swift */; };
		351C22F61D9ACD1600C2F983 /* CountriesListViewController.xib in Resources */ = {isa = PBXBuildFile; fileRef = 351C22F51D9ACD1600C2F983 /* CountriesListViewController.xib */; };
		351CCF581D9C12C300F4E23F /* YearResultsViewController.xib in Resources */ = {isa = PBXBuildFile; fileRef = 351CCF571D9C12C300F4E23F /* YearResultsViewController.xib */; };
		351CCF5A1D9C143E00F4E23F /* StaysListViewController.xib in Resources */ = {isa = PBXBuildFile; fileRef = 351CCF591D9C143E00F4E23F /* StaysListViewController.xib */; };
		35214DE51D7F357F009AD55C /* Model.xcdatamodeld in Sources */ = {isa = PBXBuildFile; fileRef = 35214DE31D7F357F009AD55C /* Model.xcdatamodeld */; };
		35214DF51D7F5C39009AD55C /* CoreDataTests.swift in Sources */ = {isa = PBXBuildFile; fileRef = 35214DF41D7F5C39009AD55C /* CoreDataTests.swift */; };
		3540D0601D6C8C58000AF728 /* VisitCalculatorTests.swift in Sources */ = {isa = PBXBuildFile; fileRef = 3540D05F1D6C8C58000AF728 /* VisitCalculatorTests.swift */; };
		354AFB351D889D85009CF6D6 /* CDStay+CoreDataProperties.swift in Sources */ = {isa = PBXBuildFile; fileRef = 354AFB2F1D889D85009CF6D6 /* CDStay+CoreDataProperties.swift */; };
		354AFB381D889D85009CF6D6 /* CDTaxPayer.swift in Sources */ = {isa = PBXBuildFile; fileRef = 354AFB321D889D85009CF6D6 /* CDTaxPayer.swift */; };
		354AFB3B1D889DEF009CF6D6 /* CDDate.swift in Sources */ = {isa = PBXBuildFile; fileRef = 354AFB391D889DEF009CF6D6 /* CDDate.swift */; };
		354AFB3C1D889DEF009CF6D6 /* CDStay.swift in Sources */ = {isa = PBXBuildFile; fileRef = 354AFB3A1D889DEF009CF6D6 /* CDStay.swift */; };
		354ECEA41D9EFD170017C11E /* RoundedButton.swift in Sources */ = {isa = PBXBuildFile; fileRef = 354ECEA31D9EFD170017C11E /* RoundedButton.swift */; };
		356992091D7A1E42007CD216 /* Constants.swift in Sources */ = {isa = PBXBuildFile; fileRef = 356992081D7A1E42007CD216 /* Constants.swift */; };
		356A77A31DABE7D1001C318C /* StaysListViewModel.swift in Sources */ = {isa = PBXBuildFile; fileRef = 356A77A21DABE7D1001C318C /* StaysListViewModel.swift */; };
		356A77A61DABF230001C318C /* AddStayViewModel.swift in Sources */ = {isa = PBXBuildFile; fileRef = 356A77A51DABF230001C318C /* AddStayViewModel.swift */; };
		358218EC1D9574CA00D512C3 /* TaxPayersExtensions.swift in Sources */ = {isa = PBXBuildFile; fileRef = 358218EB1D9574CA00D512C3 /* TaxPayersExtensions.swift */; };
		358218F01D9577F900D512C3 /* ContainerViewController.swift in Sources */ = {isa = PBXBuildFile; fileRef = 358218EF1D9577F900D512C3 /* ContainerViewController.swift */; };
		358721FD1DC004670039C678 /* Localizable.strings in Resources */ = {isa = PBXBuildFile; fileRef = 358721FF1DC004670039C678 /* Localizable.strings */; };
		358722021DC004680039C678 /* InfoPlist.strings in Resources */ = {isa = PBXBuildFile; fileRef = 358722041DC004680039C678 /* InfoPlist.strings */; };
		358722071DC004680039C678 /* InfoPlist.strings in Resources */ = {isa = PBXBuildFile; fileRef = 358722091DC004680039C678 /* InfoPlist.strings */; };
		3587220C1DC004690039C678 /* InfoPlist.strings in Resources */ = {isa = PBXBuildFile; fileRef = 3587220E1DC004690039C678 /* InfoPlist.strings */; };
		3589733C1D89B11700ECC634 /* CDDate+CoreDataProperties.swift in Sources */ = {isa = PBXBuildFile; fileRef = 3589733B1D89B11700ECC634 /* CDDate+CoreDataProperties.swift */; };
		3589733E1D89B14800ECC634 /* CDTaxPayer+CoreDataProperties.swift in Sources */ = {isa = PBXBuildFile; fileRef = 3589733D1D89B14800ECC634 /* CDTaxPayer+CoreDataProperties.swift */; };
		358C62051D9059BB00E9CAA8 /* ValidateStayTests.swift in Sources */ = {isa = PBXBuildFile; fileRef = 358C62041D9059BB00E9CAA8 /* ValidateStayTests.swift */; };
		358D60D31D9F01C200EB9ADC /* CountriesCell.swift in Sources */ = {isa = PBXBuildFile; fileRef = 358D60D11D9F01C200EB9ADC /* CountriesCell.swift */; };
		358D60D41D9F01C200EB9ADC /* CountriesCell.xib in Resources */ = {isa = PBXBuildFile; fileRef = 358D60D21D9F01C200EB9ADC /* CountriesCell.xib */; };
		358D60D61D9F047600EB9ADC /* CountriesListExtensions.swift in Sources */ = {isa = PBXBuildFile; fileRef = 358D60D51D9F047600EB9ADC /* CountriesListExtensions.swift */; };
		358D60DB1D9F091000EB9ADC /* YearsConclusionCell.swift in Sources */ = {isa = PBXBuildFile; fileRef = 358D60D91D9F091000EB9ADC /* YearsConclusionCell.swift */; };
		358D60DC1D9F091000EB9ADC /* YearsConclusionCell.xib in Resources */ = {isa = PBXBuildFile; fileRef = 358D60DA1D9F091000EB9ADC /* YearsConclusionCell.xib */; };
		359164381D9D86C5008499BB /* DatesCell.swift in Sources */ = {isa = PBXBuildFile; fileRef = 359164361D9D86C5008499BB /* DatesCell.swift */; };
		359164391D9D86C5008499BB /* DatesCell.xib in Resources */ = {isa = PBXBuildFile; fileRef = 359164371D9D86C5008499BB /* DatesCell.xib */; };
		359BB50D1DA56A40003D0B69 /* ContainerViewControllerExtensions.swift in Sources */ = {isa = PBXBuildFile; fileRef = 359BB50C1DA56A40003D0B69 /* ContainerViewControllerExtensions.swift */; };
		359BB5101DA57E97003D0B69 /* StaysListViewControllerExtensions.swift in Sources */ = {isa = PBXBuildFile; fileRef = 359BB50F1DA57E97003D0B69 /* StaysListViewControllerExtensions.swift */; };
		359BB5131DA5817E003D0B69 /* AddStayViewControllerExtensions.swift in Sources */ = {isa = PBXBuildFile; fileRef = 359BB5121DA5817E003D0B69 /* AddStayViewControllerExtensions.swift */; };
		35A15C3D1D942408007CCDD0 /* Country.swift in Sources */ = {isa = PBXBuildFile; fileRef = 35A15C3C1D942408007CCDD0 /* Country.swift */; };
		35A15C431D948DA0007CCDD0 /* AddTaxPayerViewController.swift in Sources */ = {isa = PBXBuildFile; fileRef = 35A15C421D948DA0007CCDD0 /* AddTaxPayerViewController.swift */; };
		35A33E7C1D75F6C1003D2BC6 /* StayHandler.swift in Sources */ = {isa = PBXBuildFile; fileRef = 35A33E7B1D75F6C1003D2BC6 /* StayHandler.swift */; };
		35A33E7E1D75F9B4003D2BC6 /* StayHandlerTests.swift in Sources */ = {isa = PBXBuildFile; fileRef = 35A33E7D1D75F9B4003D2BC6 /* StayHandlerTests.swift */; };
		35A4C37F1D786E0800488A2E /* YearResultsViewController.swift in Sources */ = {isa = PBXBuildFile; fileRef = 35A4C37E1D786E0800488A2E /* YearResultsViewController.swift */; };
		35A4C3811D78C3A900488A2E /* YearResponse.swift in Sources */ = {isa = PBXBuildFile; fileRef = 35A4C3801D78C3A900488A2E /* YearResponse.swift */; };
		35A77DE71DB9533300F04747 /* CountriesListViewModel.swift in Sources */ = {isa = PBXBuildFile; fileRef = 35A77DE61DB9533300F04747 /* CountriesListViewModel.swift */; };
		35A77DE91DB95C9F00F04747 /* ChooseDynamicDateViewModel.swift in Sources */ = {isa = PBXBuildFile; fileRef = 35A77DE81DB95C9F00F04747 /* ChooseDynamicDateViewModel.swift */; };
		35B588321D6B979B0097FBF1 /* DatesCalculatorHelper.swift in Sources */ = {isa = PBXBuildFile; fileRef = 35B588311D6B979B0097FBF1 /* DatesCalculatorHelper.swift */; };
		35B588361D6BA2990097FBF1 /* DatesRange.swift in Sources */ = {isa = PBXBuildFile; fileRef = 35B588351D6BA2990097FBF1 /* DatesRange.swift */; };
		35B67EC81D77240E0073CC58 /* ChooseDynamicDateController.swift in Sources */ = {isa = PBXBuildFile; fileRef = 35B67EC71D77240E0073CC58 /* ChooseDynamicDateController.swift */; };
		35B67ED21D773A060073CC58 /* ResultsViewController.swift in Sources */ = {isa = PBXBuildFile; fileRef = 35B67ED11D773A060073CC58 /* ResultsViewController.swift */; };
		35C0F1F61D8C884B00442AFE /* CDDateQueries.swift in Sources */ = {isa = PBXBuildFile; fileRef = 35C0F1F51D8C884B00442AFE /* CDDateQueries.swift */; };
		35C0F1F91D8CA9FD00442AFE /* CDStayQueries.swift in Sources */ = {isa = PBXBuildFile; fileRef = 35C0F1F81D8CA9FD00442AFE /* CDStayQueries.swift */; };
		35D0FBB11DBE68E700364FD5 /* ResultsViewModel.swift in Sources */ = {isa = PBXBuildFile; fileRef = 35D0FBB01DBE68E600364FD5 /* ResultsViewModel.swift */; };
		35D0FBB31DBE75D400364FD5 /* YearResultsViewModel.swift in Sources */ = {isa = PBXBuildFile; fileRef = 35D0FBB21DBE75D400364FD5 /* YearResultsViewModel.swift */; };
		35D57EAA1D9C334E00433517 /* TaxPayersViewController.swift in Sources */ = {isa = PBXBuildFile; fileRef = 35D57EA81D9C334E00433517 /* TaxPayersViewController.swift */; };
		35D57EAB1D9C334E00433517 /* TaxPayersViewController.xib in Resources */ = {isa = PBXBuildFile; fileRef = 35D57EA91D9C334E00433517 /* TaxPayersViewController.xib */; };
		35D57EAE1D9C551F00433517 /* Appearance.swift in Sources */ = {isa = PBXBuildFile; fileRef = 35D57EAD1D9C551F00433517 /* Appearance.swift */; };
		35D57EB01D9C561D00433517 /* UIColor.swift in Sources */ = {isa = PBXBuildFile; fileRef = 35D57EAF1D9C561D00433517 /* UIColor.swift */; };
		35D57EB41D9C58E600433517 /* SourceSansPro-Bold.ttf in Resources */ = {isa = PBXBuildFile; fileRef = 35D57EB11D9C58D500433517 /* SourceSansPro-Bold.ttf */; };
		35D57EB51D9C58EA00433517 /* SourceSansPro-Regular.ttf in Resources */ = {isa = PBXBuildFile; fileRef = 35D57EB21D9C58D500433517 /* SourceSansPro-Regular.ttf */; };
		35D57EB61D9C58ED00433517 /* SourceSansPro-Semibold.ttf in Resources */ = {isa = PBXBuildFile; fileRef = 35D57EB31D9C58D500433517 /* SourceSansPro-Semibold.ttf */; };
		35D57EB91D9C618800433517 /* TaxPayerCell.swift in Sources */ = {isa = PBXBuildFile; fileRef = 35D57EB71D9C618800433517 /* TaxPayerCell.swift */; };
		35D57EBA1D9C618800433517 /* TaxPayerCell.xib in Resources */ = {isa = PBXBuildFile; fileRef = 35D57EB81D9C618800433517 /* TaxPayerCell.xib */; };
		35D62C1E1D8AEDF30071006E /* CountriesListViewController.swift in Sources */ = {isa = PBXBuildFile; fileRef = 35D62C1D1D8AEDF30071006E /* CountriesListViewController.swift */; };
		35E5C7051D5B75BD0078B8C8 /* AppDelegate.swift in Sources */ = {isa = PBXBuildFile; fileRef = 35E5C7041D5B75BD0078B8C8 /* AppDelegate.swift */; };
		35E5C7071D5B75BD0078B8C8 /* StaysListViewController.swift in Sources */ = {isa = PBXBuildFile; fileRef = 35E5C7061D5B75BD0078B8C8 /* StaysListViewController.swift */; };
		35E5C70C1D5B75BE0078B8C8 /* Assets.xcassets in Resources */ = {isa = PBXBuildFile; fileRef = 35E5C70B1D5B75BE0078B8C8 /* Assets.xcassets */; };
		35E5C71A1D5B75BE0078B8C8 /* VisitCalculatorUITests.swift in Sources */ = {isa = PBXBuildFile; fileRef = 35E5C7191D5B75BE0078B8C8 /* VisitCalculatorUITests.swift */; };
		35E5C7251D5B7AB10078B8C8 /* Stay.swift in Sources */ = {isa = PBXBuildFile; fileRef = 35E5C7241D5B7AB10078B8C8 /* Stay.swift */; };
		35E5C7271D5B7C8B0078B8C8 /* DateFormatHelper.swift in Sources */ = {isa = PBXBuildFile; fileRef = 35E5C7261D5B7C8B0078B8C8 /* DateFormatHelper.swift */; };
		35E5C7291D5B88820078B8C8 /* NSDate.swift in Sources */ = {isa = PBXBuildFile; fileRef = 35E5C7281D5B88820078B8C8 /* NSDate.swift */; };
		7D3D3DA26E2837A8F3C2AEB4 /* Pods_VisitCalculatorTests.framework in Frameworks */ = {isa = PBXBuildFile; fileRef = EC4388F153F27537B2FBD3AE /* Pods_VisitCalculatorTests.framework */; };
		B050A79925F2FDBC6706AB7E /* Pods_VisitCalculatorUITests.framework in Frameworks */ = {isa = PBXBuildFile; fileRef = 72CD7868A15A55D55326AE7D /* Pods_VisitCalculatorUITests.framework */; };
		E460AA886A814F13E6821232 /* Pods_VisitCalculator.framework in Frameworks */ = {isa = PBXBuildFile; fileRef = 88EAC92BA7673FCCE0D30F6B /* Pods_VisitCalculator.framework */; };
/* End PBXBuildFile section */

/* Begin PBXContainerItemProxy section */
		3540D0621D6C8C58000AF728 /* PBXContainerItemProxy */ = {
			isa = PBXContainerItemProxy;
			containerPortal = 35E5C6F91D5B75BD0078B8C8 /* Project object */;
			proxyType = 1;
			remoteGlobalIDString = 35E5C7001D5B75BD0078B8C8;
			remoteInfo = VisitCalculator;
		};
		35E5C7161D5B75BE0078B8C8 /* PBXContainerItemProxy */ = {
			isa = PBXContainerItemProxy;
			containerPortal = 35E5C6F91D5B75BD0078B8C8 /* Project object */;
			proxyType = 1;
			remoteGlobalIDString = 35E5C7001D5B75BD0078B8C8;
			remoteInfo = VisitCalculator;
		};
/* End PBXContainerItemProxy section */

/* Begin PBXFileReference section */
		0F98182FFB2A5482062B8C37 /* Pods-VisitCalculatorTests.debug.xcconfig */ = {isa = PBXFileReference; includeInIndex = 1; lastKnownFileType = text.xcconfig; name = "Pods-VisitCalculatorTests.debug.xcconfig"; path = "Pods/Target Support Files/Pods-VisitCalculatorTests/Pods-VisitCalculatorTests.debug.xcconfig"; sourceTree = "<group>"; };
		1E4BDC95A0DA73798AA7CBDB /* Pods-VisitCalculator.release.xcconfig */ = {isa = PBXFileReference; includeInIndex = 1; lastKnownFileType = text.xcconfig; name = "Pods-VisitCalculator.release.xcconfig"; path = "Pods/Target Support Files/Pods-VisitCalculator/Pods-VisitCalculator.release.xcconfig"; sourceTree = "<group>"; };
		351535031DC006940089BD14 /* Base */ = {isa = PBXFileReference; lastKnownFileType = file.xib; name = Base; path = Base.lproj/AddTaxPayerViewController.xib; sourceTree = "<group>"; };
		351535061DC006990089BD14 /* es */ = {isa = PBXFileReference; lastKnownFileType = text.plist.strings; name = es; path = es.lproj/AddTaxPayerViewController.strings; sourceTree = "<group>"; };
		351535081DC007360089BD14 /* Base */ = {isa = PBXFileReference; lastKnownFileType = file.xib; name = Base; path = Base.lproj/ContainerViewController.xib; sourceTree = "<group>"; };
		3515350B1DC0073C0089BD14 /* es */ = {isa = PBXFileReference; lastKnownFileType = text.plist.strings; name = es; path = es.lproj/ContainerViewController.strings; sourceTree = "<group>"; };
		3515350D1DC007620089BD14 /* Base */ = {isa = PBXFileReference; lastKnownFileType = file.xib; name = Base; path = Base.lproj/AddStayViewController.xib; sourceTree = "<group>"; };
		351535101DC007670089BD14 /* es */ = {isa = PBXFileReference; lastKnownFileType = text.plist.strings; name = es; path = es.lproj/AddStayViewController.strings; sourceTree = "<group>"; };
		351535121DC007780089BD14 /* Base */ = {isa = PBXFileReference; lastKnownFileType = file.xib; name = Base; path = Base.lproj/ChooseDynamicDateController.xib; sourceTree = "<group>"; };
		351535151DC0077A0089BD14 /* es */ = {isa = PBXFileReference; lastKnownFileType = text.plist.strings; name = es; path = es.lproj/ChooseDynamicDateController.strings; sourceTree = "<group>"; };
		351535171DC007900089BD14 /* Base */ = {isa = PBXFileReference; lastKnownFileType = file.xib; name = Base; path = Base.lproj/ResultsViewController.xib; sourceTree = "<group>"; };
		3515351A1DC007920089BD14 /* es */ = {isa = PBXFileReference; lastKnownFileType = text.plist.strings; name = es; path = es.lproj/ResultsViewController.strings; sourceTree = "<group>"; };
		351686EF1DA6B93100F21534 /* AddTaxPayerViewModel.swift */ = {isa = PBXFileReference; fileEncoding = 4; lastKnownFileType = sourcecode.swift; path = AddTaxPayerViewModel.swift; sourceTree = "<group>"; };
		351686F41DA6E41600F21534 /* TaxPayersViewModel.swift */ = {isa = PBXFileReference; fileEncoding = 4; lastKnownFileType = sourcecode.swift; path = TaxPayersViewModel.swift; sourceTree = "<group>"; };
		3517A9431D81EB8F00681E40 /* NSUserDefaults.swift */ = {isa = PBXFileReference; fileEncoding = 4; lastKnownFileType = sourcecode.swift; path = NSUserDefaults.swift; sourceTree = "<group>"; };
		3517A9451D81F5BB00681E40 /* AddStayViewController.swift */ = {isa = PBXFileReference; fileEncoding = 4; lastKnownFileType = sourcecode.swift; path = AddStayViewController.swift; sourceTree = "<group>"; };
		351C22F51D9ACD1600C2F983 /* CountriesListViewController.xib */ = {isa = PBXFileReference; fileEncoding = 4; lastKnownFileType = file.xib; path = CountriesListViewController.xib; sourceTree = "<group>"; };
		351CCF571D9C12C300F4E23F /* YearResultsViewController.xib */ = {isa = PBXFileReference; fileEncoding = 4; lastKnownFileType = file.xib; path = YearResultsViewController.xib; sourceTree = "<group>"; };
		351CCF591D9C143E00F4E23F /* StaysListViewController.xib */ = {isa = PBXFileReference; fileEncoding = 4; lastKnownFileType = file.xib; path = StaysListViewController.xib; sourceTree = "<group>"; };
		35214DE41D7F357F009AD55C /* Model.xcdatamodel */ = {isa = PBXFileReference; lastKnownFileType = wrapper.xcdatamodel; path = Model.xcdatamodel; sourceTree = "<group>"; };
		35214DF41D7F5C39009AD55C /* CoreDataTests.swift */ = {isa = PBXFileReference; fileEncoding = 4; lastKnownFileType = sourcecode.swift; path = CoreDataTests.swift; sourceTree = "<group>"; };
		3540D05D1D6C8C58000AF728 /* VisitCalculatorTests.xctest */ = {isa = PBXFileReference; explicitFileType = wrapper.cfbundle; includeInIndex = 0; path = VisitCalculatorTests.xctest; sourceTree = BUILT_PRODUCTS_DIR; };
		3540D05F1D6C8C58000AF728 /* VisitCalculatorTests.swift */ = {isa = PBXFileReference; lastKnownFileType = sourcecode.swift; path = VisitCalculatorTests.swift; sourceTree = "<group>"; };
		3540D0611D6C8C58000AF728 /* Info.plist */ = {isa = PBXFileReference; lastKnownFileType = text.plist.xml; path = Info.plist; sourceTree = "<group>"; };
		354AFB2F1D889D85009CF6D6 /* CDStay+CoreDataProperties.swift */ = {isa = PBXFileReference; fileEncoding = 4; lastKnownFileType = sourcecode.swift; path = "CDStay+CoreDataProperties.swift"; sourceTree = "<group>"; };
		354AFB321D889D85009CF6D6 /* CDTaxPayer.swift */ = {isa = PBXFileReference; fileEncoding = 4; lastKnownFileType = sourcecode.swift; path = CDTaxPayer.swift; sourceTree = "<group>"; };
		354AFB391D889DEF009CF6D6 /* CDDate.swift */ = {isa = PBXFileReference; fileEncoding = 4; lastKnownFileType = sourcecode.swift; path = CDDate.swift; sourceTree = "<group>"; };
		354AFB3A1D889DEF009CF6D6 /* CDStay.swift */ = {isa = PBXFileReference; fileEncoding = 4; lastKnownFileType = sourcecode.swift; path = CDStay.swift; sourceTree = "<group>"; };
		354ECEA31D9EFD170017C11E /* RoundedButton.swift */ = {isa = PBXFileReference; fileEncoding = 4; lastKnownFileType = sourcecode.swift; path = RoundedButton.swift; sourceTree = "<group>"; };
		356992081D7A1E42007CD216 /* Constants.swift */ = {isa = PBXFileReference; fileEncoding = 4; lastKnownFileType = sourcecode.swift; path = Constants.swift; sourceTree = "<group>"; };
		356A77A21DABE7D1001C318C /* StaysListViewModel.swift */ = {isa = PBXFileReference; fileEncoding = 4; lastKnownFileType = sourcecode.swift; path = StaysListViewModel.swift; sourceTree = "<group>"; };
		356A77A51DABF230001C318C /* AddStayViewModel.swift */ = {isa = PBXFileReference; fileEncoding = 4; lastKnownFileType = sourcecode.swift; path = AddStayViewModel.swift; sourceTree = "<group>"; };
		358218EB1D9574CA00D512C3 /* TaxPayersExtensions.swift */ = {isa = PBXFileReference; fileEncoding = 4; lastKnownFileType = sourcecode.swift; path = TaxPayersExtensions.swift; sourceTree = "<group>"; };
		358218EF1D9577F900D512C3 /* ContainerViewController.swift */ = {isa = PBXFileReference; fileEncoding = 4; lastKnownFileType = sourcecode.swift; path = ContainerViewController.swift; sourceTree = "<group>"; };
		358721FE1DC004670039C678 /* es */ = {isa = PBXFileReference; lastKnownFileType = text.plist.strings; name = es; path = es.lproj/Localizable.strings; sourceTree = "<group>"; };
		358722031DC004680039C678 /* es */ = {isa = PBXFileReference; lastKnownFileType = text.plist.strings; name = es; path = es.lproj/InfoPlist.strings; sourceTree = "<group>"; };
		358722081DC004680039C678 /* es */ = {isa = PBXFileReference; lastKnownFileType = text.plist.strings; name = es; path = es.lproj/InfoPlist.strings; sourceTree = "<group>"; };
		3587220D1DC004690039C678 /* es */ = {isa = PBXFileReference; lastKnownFileType = text.plist.strings; name = es; path = es.lproj/InfoPlist.strings; sourceTree = "<group>"; };
		3589733B1D89B11700ECC634 /* CDDate+CoreDataProperties.swift */ = {isa = PBXFileReference; fileEncoding = 4; lastKnownFileType = sourcecode.swift; path = "CDDate+CoreDataProperties.swift"; sourceTree = "<group>"; };
		3589733D1D89B14800ECC634 /* CDTaxPayer+CoreDataProperties.swift */ = {isa = PBXFileReference; fileEncoding = 4; lastKnownFileType = sourcecode.swift; path = "CDTaxPayer+CoreDataProperties.swift"; sourceTree = "<group>"; };
		358C62041D9059BB00E9CAA8 /* ValidateStayTests.swift */ = {isa = PBXFileReference; fileEncoding = 4; lastKnownFileType = sourcecode.swift; path = ValidateStayTests.swift; sourceTree = "<group>"; };
		358D60D11D9F01C200EB9ADC /* CountriesCell.swift */ = {isa = PBXFileReference; fileEncoding = 4; lastKnownFileType = sourcecode.swift; path = CountriesCell.swift; sourceTree = "<group>"; };
		358D60D21D9F01C200EB9ADC /* CountriesCell.xib */ = {isa = PBXFileReference; fileEncoding = 4; lastKnownFileType = file.xib; path = CountriesCell.xib; sourceTree = "<group>"; };
		358D60D51D9F047600EB9ADC /* CountriesListExtensions.swift */ = {isa = PBXFileReference; fileEncoding = 4; lastKnownFileType = sourcecode.swift; path = CountriesListExtensions.swift; sourceTree = "<group>"; };
		358D60D91D9F091000EB9ADC /* YearsConclusionCell.swift */ = {isa = PBXFileReference; fileEncoding = 4; lastKnownFileType = sourcecode.swift; path = YearsConclusionCell.swift; sourceTree = "<group>"; };
		358D60DA1D9F091000EB9ADC /* YearsConclusionCell.xib */ = {isa = PBXFileReference; fileEncoding = 4; lastKnownFileType = file.xib; path = YearsConclusionCell.xib; sourceTree = "<group>"; };
		359164361D9D86C5008499BB /* DatesCell.swift */ = {isa = PBXFileReference; fileEncoding = 4; lastKnownFileType = sourcecode.swift; path = DatesCell.swift; sourceTree = "<group>"; };
		359164371D9D86C5008499BB /* DatesCell.xib */ = {isa = PBXFileReference; fileEncoding = 4; lastKnownFileType = file.xib; path = DatesCell.xib; sourceTree = "<group>"; };
		359BB50C1DA56A40003D0B69 /* ContainerViewControllerExtensions.swift */ = {isa = PBXFileReference; fileEncoding = 4; lastKnownFileType = sourcecode.swift; path = ContainerViewControllerExtensions.swift; sourceTree = "<group>"; };
		359BB50F1DA57E97003D0B69 /* StaysListViewControllerExtensions.swift */ = {isa = PBXFileReference; fileEncoding = 4; lastKnownFileType = sourcecode.swift; path = StaysListViewControllerExtensions.swift; sourceTree = "<group>"; };
		359BB5121DA5817E003D0B69 /* AddStayViewControllerExtensions.swift */ = {isa = PBXFileReference; fileEncoding = 4; lastKnownFileType = sourcecode.swift; path = AddStayViewControllerExtensions.swift; sourceTree = "<group>"; };
		35A15C3C1D942408007CCDD0 /* Country.swift */ = {isa = PBXFileReference; fileEncoding = 4; lastKnownFileType = sourcecode.swift; path = Country.swift; sourceTree = "<group>"; };
		35A15C421D948DA0007CCDD0 /* AddTaxPayerViewController.swift */ = {isa = PBXFileReference; fileEncoding = 4; lastKnownFileType = sourcecode.swift; path = AddTaxPayerViewController.swift; sourceTree = "<group>"; };
		35A33E7B1D75F6C1003D2BC6 /* StayHandler.swift */ = {isa = PBXFileReference; fileEncoding = 4; lastKnownFileType = sourcecode.swift; path = StayHandler.swift; sourceTree = "<group>"; };
		35A33E7D1D75F9B4003D2BC6 /* StayHandlerTests.swift */ = {isa = PBXFileReference; fileEncoding = 4; lastKnownFileType = sourcecode.swift; path = StayHandlerTests.swift; sourceTree = "<group>"; };
		35A4C37E1D786E0800488A2E /* YearResultsViewController.swift */ = {isa = PBXFileReference; fileEncoding = 4; lastKnownFileType = sourcecode.swift; path = YearResultsViewController.swift; sourceTree = "<group>"; };
		35A4C3801D78C3A900488A2E /* YearResponse.swift */ = {isa = PBXFileReference; fileEncoding = 4; lastKnownFileType = sourcecode.swift; path = YearResponse.swift; sourceTree = "<group>"; };
		35A77DE61DB9533300F04747 /* CountriesListViewModel.swift */ = {isa = PBXFileReference; fileEncoding = 4; lastKnownFileType = sourcecode.swift; path = CountriesListViewModel.swift; sourceTree = "<group>"; };
		35A77DE81DB95C9F00F04747 /* ChooseDynamicDateViewModel.swift */ = {isa = PBXFileReference; fileEncoding = 4; lastKnownFileType = sourcecode.swift; path = ChooseDynamicDateViewModel.swift; sourceTree = "<group>"; };
		35B588311D6B979B0097FBF1 /* DatesCalculatorHelper.swift */ = {isa = PBXFileReference; fileEncoding = 4; lastKnownFileType = sourcecode.swift; path = DatesCalculatorHelper.swift; sourceTree = "<group>"; };
		35B588351D6BA2990097FBF1 /* DatesRange.swift */ = {isa = PBXFileReference; fileEncoding = 4; lastKnownFileType = sourcecode.swift; path = DatesRange.swift; sourceTree = "<group>"; };
		35B67EC71D77240E0073CC58 /* ChooseDynamicDateController.swift */ = {isa = PBXFileReference; fileEncoding = 4; lastKnownFileType = sourcecode.swift; path = ChooseDynamicDateController.swift; sourceTree = "<group>"; };
		35B67ED11D773A060073CC58 /* ResultsViewController.swift */ = {isa = PBXFileReference; fileEncoding = 4; lastKnownFileType = sourcecode.swift; path = ResultsViewController.swift; sourceTree = "<group>"; };
		35C0F1F51D8C884B00442AFE /* CDDateQueries.swift */ = {isa = PBXFileReference; fileEncoding = 4; lastKnownFileType = sourcecode.swift; path = CDDateQueries.swift; sourceTree = "<group>"; };
		35C0F1F81D8CA9FD00442AFE /* CDStayQueries.swift */ = {isa = PBXFileReference; fileEncoding = 4; lastKnownFileType = sourcecode.swift; path = CDStayQueries.swift; sourceTree = "<group>"; };
		35D0FBB01DBE68E600364FD5 /* ResultsViewModel.swift */ = {isa = PBXFileReference; fileEncoding = 4; lastKnownFileType = sourcecode.swift; path = ResultsViewModel.swift; sourceTree = "<group>"; };
		35D0FBB21DBE75D400364FD5 /* YearResultsViewModel.swift */ = {isa = PBXFileReference; fileEncoding = 4; lastKnownFileType = sourcecode.swift; path = YearResultsViewModel.swift; sourceTree = "<group>"; };
		35D57EA81D9C334E00433517 /* TaxPayersViewController.swift */ = {isa = PBXFileReference; fileEncoding = 4; lastKnownFileType = sourcecode.swift; path = TaxPayersViewController.swift; sourceTree = "<group>"; };
		35D57EA91D9C334E00433517 /* TaxPayersViewController.xib */ = {isa = PBXFileReference; fileEncoding = 4; lastKnownFileType = file.xib; path = TaxPayersViewController.xib; sourceTree = "<group>"; };
		35D57EAD1D9C551F00433517 /* Appearance.swift */ = {isa = PBXFileReference; fileEncoding = 4; lastKnownFileType = sourcecode.swift; path = Appearance.swift; sourceTree = "<group>"; };
		35D57EAF1D9C561D00433517 /* UIColor.swift */ = {isa = PBXFileReference; fileEncoding = 4; lastKnownFileType = sourcecode.swift; path = UIColor.swift; sourceTree = "<group>"; };
		35D57EB11D9C58D500433517 /* SourceSansPro-Bold.ttf */ = {isa = PBXFileReference; lastKnownFileType = file; path = "SourceSansPro-Bold.ttf"; sourceTree = "<group>"; };
		35D57EB21D9C58D500433517 /* SourceSansPro-Regular.ttf */ = {isa = PBXFileReference; lastKnownFileType = file; path = "SourceSansPro-Regular.ttf"; sourceTree = "<group>"; };
		35D57EB31D9C58D500433517 /* SourceSansPro-Semibold.ttf */ = {isa = PBXFileReference; lastKnownFileType = file; path = "SourceSansPro-Semibold.ttf"; sourceTree = "<group>"; };
		35D57EB71D9C618800433517 /* TaxPayerCell.swift */ = {isa = PBXFileReference; fileEncoding = 4; lastKnownFileType = sourcecode.swift; path = TaxPayerCell.swift; sourceTree = "<group>"; };
		35D57EB81D9C618800433517 /* TaxPayerCell.xib */ = {isa = PBXFileReference; fileEncoding = 4; lastKnownFileType = file.xib; path = TaxPayerCell.xib; sourceTree = "<group>"; };
		35D62C1D1D8AEDF30071006E /* CountriesListViewController.swift */ = {isa = PBXFileReference; fileEncoding = 4; lastKnownFileType = sourcecode.swift; path = CountriesListViewController.swift; sourceTree = "<group>"; };
		35E5C7011D5B75BD0078B8C8 /* VisitCalculator.app */ = {isa = PBXFileReference; explicitFileType = wrapper.application; includeInIndex = 0; path = VisitCalculator.app; sourceTree = BUILT_PRODUCTS_DIR; };
		35E5C7041D5B75BD0078B8C8 /* AppDelegate.swift */ = {isa = PBXFileReference; lastKnownFileType = sourcecode.swift; path = AppDelegate.swift; sourceTree = "<group>"; };
		35E5C7061D5B75BD0078B8C8 /* StaysListViewController.swift */ = {isa = PBXFileReference; lastKnownFileType = sourcecode.swift; path = StaysListViewController.swift; sourceTree = "<group>"; };
		35E5C70B1D5B75BE0078B8C8 /* Assets.xcassets */ = {isa = PBXFileReference; lastKnownFileType = folder.assetcatalog; path = Assets.xcassets; sourceTree = "<group>"; };
		35E5C7101D5B75BE0078B8C8 /* Info.plist */ = {isa = PBXFileReference; lastKnownFileType = text.plist.xml; path = Info.plist; sourceTree = "<group>"; };
		35E5C7151D5B75BE0078B8C8 /* VisitCalculatorUITests.xctest */ = {isa = PBXFileReference; explicitFileType = wrapper.cfbundle; includeInIndex = 0; path = VisitCalculatorUITests.xctest; sourceTree = BUILT_PRODUCTS_DIR; };
		35E5C7191D5B75BE0078B8C8 /* VisitCalculatorUITests.swift */ = {isa = PBXFileReference; lastKnownFileType = sourcecode.swift; path = VisitCalculatorUITests.swift; sourceTree = "<group>"; };
		35E5C71B1D5B75BE0078B8C8 /* Info.plist */ = {isa = PBXFileReference; lastKnownFileType = text.plist.xml; path = Info.plist; sourceTree = "<group>"; };
		35E5C7241D5B7AB10078B8C8 /* Stay.swift */ = {isa = PBXFileReference; fileEncoding = 4; lastKnownFileType = sourcecode.swift; path = Stay.swift; sourceTree = "<group>"; };
		35E5C7261D5B7C8B0078B8C8 /* DateFormatHelper.swift */ = {isa = PBXFileReference; fileEncoding = 4; lastKnownFileType = sourcecode.swift; path = DateFormatHelper.swift; sourceTree = "<group>"; };
		35E5C7281D5B88820078B8C8 /* NSDate.swift */ = {isa = PBXFileReference; fileEncoding = 4; lastKnownFileType = sourcecode.swift; path = NSDate.swift; sourceTree = "<group>"; };
		632852411F9CD0460745406A /* Pods-VisitCalculatorTests.release.xcconfig */ = {isa = PBXFileReference; includeInIndex = 1; lastKnownFileType = text.xcconfig; name = "Pods-VisitCalculatorTests.release.xcconfig"; path = "Pods/Target Support Files/Pods-VisitCalculatorTests/Pods-VisitCalculatorTests.release.xcconfig"; sourceTree = "<group>"; };
		6D54C76CB1B3AF2D6FE9AA93 /* Pods-VisitCalculatorUITests.debug.xcconfig */ = {isa = PBXFileReference; includeInIndex = 1; lastKnownFileType = text.xcconfig; name = "Pods-VisitCalculatorUITests.debug.xcconfig"; path = "Pods/Target Support Files/Pods-VisitCalculatorUITests/Pods-VisitCalculatorUITests.debug.xcconfig"; sourceTree = "<group>"; };
		72CD7868A15A55D55326AE7D /* Pods_VisitCalculatorUITests.framework */ = {isa = PBXFileReference; explicitFileType = wrapper.framework; includeInIndex = 0; path = Pods_VisitCalculatorUITests.framework; sourceTree = BUILT_PRODUCTS_DIR; };
		88EAC92BA7673FCCE0D30F6B /* Pods_VisitCalculator.framework */ = {isa = PBXFileReference; explicitFileType = wrapper.framework; includeInIndex = 0; path = Pods_VisitCalculator.framework; sourceTree = BUILT_PRODUCTS_DIR; };
		DB15D840B28E44A1B891CE01 /* Pods-VisitCalculator.debug.xcconfig */ = {isa = PBXFileReference; includeInIndex = 1; lastKnownFileType = text.xcconfig; name = "Pods-VisitCalculator.debug.xcconfig"; path = "Pods/Target Support Files/Pods-VisitCalculator/Pods-VisitCalculator.debug.xcconfig"; sourceTree = "<group>"; };
		EC4388F153F27537B2FBD3AE /* Pods_VisitCalculatorTests.framework */ = {isa = PBXFileReference; explicitFileType = wrapper.framework; includeInIndex = 0; path = Pods_VisitCalculatorTests.framework; sourceTree = BUILT_PRODUCTS_DIR; };
		FD547852D58EBB48794B0F14 /* Pods-VisitCalculatorUITests.release.xcconfig */ = {isa = PBXFileReference; includeInIndex = 1; lastKnownFileType = text.xcconfig; name = "Pods-VisitCalculatorUITests.release.xcconfig"; path = "Pods/Target Support Files/Pods-VisitCalculatorUITests/Pods-VisitCalculatorUITests.release.xcconfig"; sourceTree = "<group>"; };
/* End PBXFileReference section */

/* Begin PBXFrameworksBuildPhase section */
		3540D05A1D6C8C58000AF728 /* Frameworks */ = {
			isa = PBXFrameworksBuildPhase;
			buildActionMask = 2147483647;
			files = (
				7D3D3DA26E2837A8F3C2AEB4 /* Pods_VisitCalculatorTests.framework in Frameworks */,
			);
			runOnlyForDeploymentPostprocessing = 0;
		};
		35E5C6FE1D5B75BD0078B8C8 /* Frameworks */ = {
			isa = PBXFrameworksBuildPhase;
			buildActionMask = 2147483647;
			files = (
				E460AA886A814F13E6821232 /* Pods_VisitCalculator.framework in Frameworks */,
			);
			runOnlyForDeploymentPostprocessing = 0;
		};
		35E5C7121D5B75BE0078B8C8 /* Frameworks */ = {
			isa = PBXFrameworksBuildPhase;
			buildActionMask = 2147483647;
			files = (
				B050A79925F2FDBC6706AB7E /* Pods_VisitCalculatorUITests.framework in Frameworks */,
			);
			runOnlyForDeploymentPostprocessing = 0;
		};
/* End PBXFrameworksBuildPhase section */

/* Begin PBXGroup section */
		3511662B1D6CD35F00A2A1F2 /* Extensions */ = {
			isa = PBXGroup;
			children = (
				35E5C7281D5B88820078B8C8 /* NSDate.swift */,
				3517A9431D81EB8F00681E40 /* NSUserDefaults.swift */,
				35D57EAF1D9C561D00433517 /* UIColor.swift */,
			);
			name = Extensions;
			sourceTree = "<group>";
		};
		351686F11DA6E34300F21534 /* ViewModels */ = {
			isa = PBXGroup;
			children = (
				351686F21DA6E35100F21534 /* TaxPayers */,
				356A77A41DABF0B8001C318C /* Stays */,
				35C86E481DBE6728001602E4 /* Dynamic Date */,
				35D0FBB41DBE75D900364FD5 /* YearResults */,
			);
			name = ViewModels;
			sourceTree = "<group>";
		};
		351686F21DA6E35100F21534 /* TaxPayers */ = {
			isa = PBXGroup;
			children = (
				351686F41DA6E41600F21534 /* TaxPayersViewModel.swift */,
				351686F31DA6E35B00F21534 /* Add Tax Payer */,
			);
			name = TaxPayers;
			sourceTree = "<group>";
		};
		351686F31DA6E35B00F21534 /* Add Tax Payer */ = {
			isa = PBXGroup;
			children = (
				351686EF1DA6B93100F21534 /* AddTaxPayerViewModel.swift */,
			);
			name = "Add Tax Payer";
			sourceTree = "<group>";
		};
		351C22F71D9ACFF000C2F983 /* CountriesList VC */ = {
			isa = PBXGroup;
			children = (
				35D62C1D1D8AEDF30071006E /* CountriesListViewController.swift */,
				351C22F51D9ACD1600C2F983 /* CountriesListViewController.xib */,
				358D60D71D9F049900EB9ADC /* Extensions */,
			);
			name = "CountriesList VC";
			sourceTree = "<group>";
		};
		351CCF5B1D9C1A4700F4E23F /* Results */ = {
			isa = PBXGroup;
			children = (
				35B67ED11D773A060073CC58 /* ResultsViewController.swift */,
				351535181DC007900089BD14 /* ResultsViewController.xib */,
			);
			name = Results;
			sourceTree = "<group>";
		};
		3540D05E1D6C8C58000AF728 /* VisitCalculatorTests */ = {
			isa = PBXGroup;
			children = (
				3587220E1DC004690039C678 /* InfoPlist.strings */,
				3540D05F1D6C8C58000AF728 /* VisitCalculatorTests.swift */,
				35A33E7D1D75F9B4003D2BC6 /* StayHandlerTests.swift */,
				35214DF41D7F5C39009AD55C /* CoreDataTests.swift */,
				358C62041D9059BB00E9CAA8 /* ValidateStayTests.swift */,
				3540D0611D6C8C58000AF728 /* Info.plist */,
			);
			path = VisitCalculatorTests;
			sourceTree = "<group>";
		};
		354AFB3D1D889E11009CF6D6 /* Human Files */ = {
			isa = PBXGroup;
			children = (
				354AFB391D889DEF009CF6D6 /* CDDate.swift */,
				354AFB3A1D889DEF009CF6D6 /* CDStay.swift */,
				354AFB321D889D85009CF6D6 /* CDTaxPayer.swift */,
			);
			name = "Human Files";
			sourceTree = "<group>";
		};
		354AFB3E1D889E23009CF6D6 /* Machine Files */ = {
			isa = PBXGroup;
			children = (
				3589733D1D89B14800ECC634 /* CDTaxPayer+CoreDataProperties.swift */,
				3589733B1D89B11700ECC634 /* CDDate+CoreDataProperties.swift */,
				354AFB2F1D889D85009CF6D6 /* CDStay+CoreDataProperties.swift */,
			);
			name = "Machine Files";
			sourceTree = "<group>";
		};
		354AFB411D88A1E1009CF6D6 /* TaxPayers */ = {
			isa = PBXGroup;
			children = (
				35D57EA81D9C334E00433517 /* TaxPayersViewController.swift */,
				35D57EA91D9C334E00433517 /* TaxPayersViewController.xib */,
				358218EE1D9575EA00D512C3 /* Extensions */,
				358218ED1D95751C00D512C3 /* Add Tax Payer */,
			);
			name = TaxPayers;
			sourceTree = "<group>";
		};
		356992021D7A0D52007CD216 /* Year Results */ = {
			isa = PBXGroup;
			children = (
				35A4C37E1D786E0800488A2E /* YearResultsViewController.swift */,
				351CCF571D9C12C300F4E23F /* YearResultsViewController.xib */,
			);
			name = "Year Results";
			sourceTree = "<group>";
		};
		356992031D7A0D5C007CD216 /* Dynamic Date */ = {
			isa = PBXGroup;
			children = (
				35B67EC71D77240E0073CC58 /* ChooseDynamicDateController.swift */,
				351535131DC007780089BD14 /* ChooseDynamicDateController.xib */,
				351CCF5B1D9C1A4700F4E23F /* Results */,
			);
			name = "Dynamic Date";
			sourceTree = "<group>";
		};
		356992041D7A0D62007CD216 /* Stays */ = {
			isa = PBXGroup;
			children = (
				35E5C7061D5B75BD0078B8C8 /* StaysListViewController.swift */,
				351CCF591D9C143E00F4E23F /* StaysListViewController.xib */,
				359BB5111DA58086003D0B69 /* Exntension */,
				35FED9851D83104500C83F98 /* Add Stay */,
			);
			name = Stays;
			sourceTree = "<group>";
		};
		3569920A1D7A1EEF007CD216 /* Utils */ = {
			isa = PBXGroup;
			children = (
				35D57EAD1D9C551F00433517 /* Appearance.swift */,
				356992081D7A1E42007CD216 /* Constants.swift */,
				354ECEA31D9EFD170017C11E /* RoundedButton.swift */,
			);
			name = Utils;
			sourceTree = "<group>";
		};
		356A77A41DABF0B8001C318C /* Stays */ = {
			isa = PBXGroup;
			children = (
				356A77A21DABE7D1001C318C /* StaysListViewModel.swift */,
				356A77A51DABF230001C318C /* AddStayViewModel.swift */,
				35A77DE61DB9533300F04747 /* CountriesListViewModel.swift */,
			);
			name = Stays;
			sourceTree = "<group>";
		};
		356DD6DE1D7F324D001DD360 /* CoreData */ = {
			isa = PBXGroup;
			children = (
				35C0F1F71D8C885200442AFE /* Queries */,
				354AFB3D1D889E11009CF6D6 /* Human Files */,
				354AFB3E1D889E23009CF6D6 /* Machine Files */,
				35214DE31D7F357F009AD55C /* Model.xcdatamodeld */,
			);
			name = CoreData;
			sourceTree = "<group>";
		};
		358218ED1D95751C00D512C3 /* Add Tax Payer */ = {
			isa = PBXGroup;
			children = (
				35A15C421D948DA0007CCDD0 /* AddTaxPayerViewController.swift */,
				351535041DC006940089BD14 /* AddTaxPayerViewController.xib */,
			);
			name = "Add Tax Payer";
			sourceTree = "<group>";
		};
		358218EE1D9575EA00D512C3 /* Extensions */ = {
			isa = PBXGroup;
			children = (
				358218EB1D9574CA00D512C3 /* TaxPayersExtensions.swift */,
			);
			name = Extensions;
			sourceTree = "<group>";
		};
		358D60D71D9F049900EB9ADC /* Extensions */ = {
			isa = PBXGroup;
			children = (
				358D60D51D9F047600EB9ADC /* CountriesListExtensions.swift */,
			);
			name = Extensions;
			sourceTree = "<group>";
		};
		358D60D81D9F066600EB9ADC /* Countries Cell */ = {
			isa = PBXGroup;
			children = (
				358D60D11D9F01C200EB9ADC /* CountriesCell.swift */,
				358D60D21D9F01C200EB9ADC /* CountriesCell.xib */,
			);
			name = "Countries Cell";
			sourceTree = "<group>";
		};
		358D60DD1D9F091700EB9ADC /* Years Conclusion */ = {
			isa = PBXGroup;
			children = (
				358D60D91D9F091000EB9ADC /* YearsConclusionCell.swift */,
				358D60DA1D9F091000EB9ADC /* YearsConclusionCell.xib */,
			);
			name = "Years Conclusion";
			sourceTree = "<group>";
		};
		3591643A1D9D88CB008499BB /* Dates Cell */ = {
			isa = PBXGroup;
			children = (
				359164361D9D86C5008499BB /* DatesCell.swift */,
				359164371D9D86C5008499BB /* DatesCell.xib */,
			);
			name = "Dates Cell";
			sourceTree = "<group>";
		};
		359BB50E1DA56A66003D0B69 /* Extensions */ = {
			isa = PBXGroup;
			children = (
				359BB50C1DA56A40003D0B69 /* ContainerViewControllerExtensions.swift */,
			);
			name = Extensions;
			sourceTree = "<group>";
		};
		359BB5111DA58086003D0B69 /* Exntension */ = {
			isa = PBXGroup;
			children = (
				359BB50F1DA57E97003D0B69 /* StaysListViewControllerExtensions.swift */,
			);
			name = Exntension;
			sourceTree = "<group>";
		};
		359BB5141DA58264003D0B69 /* Extensions */ = {
			isa = PBXGroup;
			children = (
				359BB5121DA5817E003D0B69 /* AddStayViewControllerExtensions.swift */,
			);
			name = Extensions;
			sourceTree = "<group>";
		};
		35B588331D6B97B60097FBF1 /* Helpers */ = {
			isa = PBXGroup;
			children = (
				35E5C7261D5B7C8B0078B8C8 /* DateFormatHelper.swift */,
				35B588311D6B979B0097FBF1 /* DatesCalculatorHelper.swift */,
			);
			name = Helpers;
			sourceTree = "<group>";
		};
		35B588341D6BA2880097FBF1 /* Models */ = {
			isa = PBXGroup;
			children = (
				35E5C7241D5B7AB10078B8C8 /* Stay.swift */,
				35B588351D6BA2990097FBF1 /* DatesRange.swift */,
				35A4C3801D78C3A900488A2E /* YearResponse.swift */,
				35A15C3C1D942408007CCDD0 /* Country.swift */,
			);
			name = Models;
			sourceTree = "<group>";
		};
		35B67EC91D7726A80073CC58 /* Controllers */ = {
			isa = PBXGroup;
			children = (
				354AFB411D88A1E1009CF6D6 /* TaxPayers */,
				35D57EAC1D9C524500433517 /* Container VC */,
				356992041D7A0D62007CD216 /* Stays */,
				356992031D7A0D5C007CD216 /* Dynamic Date */,
				356992021D7A0D52007CD216 /* Year Results */,
			);
			name = Controllers;
			sourceTree = "<group>";
		};
		35B67ECA1D7726C10073CC58 /* Handlers */ = {
			isa = PBXGroup;
			children = (
				35A33E7B1D75F6C1003D2BC6 /* StayHandler.swift */,
			);
			name = Handlers;
			sourceTree = "<group>";
		};
		35B67ECC1D7726EA0073CC58 /* Resource Files */ = {
			isa = PBXGroup;
			children = (
				358722041DC004680039C678 /* InfoPlist.strings */,
				358721FF1DC004670039C678 /* Localizable.strings */,
				35D57EB11D9C58D500433517 /* SourceSansPro-Bold.ttf */,
				35D57EB21D9C58D500433517 /* SourceSansPro-Regular.ttf */,
				35D57EB31D9C58D500433517 /* SourceSansPro-Semibold.ttf */,
				35E5C70B1D5B75BE0078B8C8 /* Assets.xcassets */,
				35E5C7101D5B75BE0078B8C8 /* Info.plist */,
			);
			name = "Resource Files";
			sourceTree = "<group>";
		};
		35C0F1F71D8C885200442AFE /* Queries */ = {
			isa = PBXGroup;
			children = (
				35C0F1F51D8C884B00442AFE /* CDDateQueries.swift */,
				35C0F1F81D8CA9FD00442AFE /* CDStayQueries.swift */,
			);
			name = Queries;
			sourceTree = "<group>";
		};
		35C86E481DBE6728001602E4 /* Dynamic Date */ = {
			isa = PBXGroup;
			children = (
				35A77DE81DB95C9F00F04747 /* ChooseDynamicDateViewModel.swift */,
				35D0FBB01DBE68E600364FD5 /* ResultsViewModel.swift */,
			);
			name = "Dynamic Date";
			sourceTree = "<group>";
		};
		35D0FBB41DBE75D900364FD5 /* YearResults */ = {
			isa = PBXGroup;
			children = (
				35D0FBB21DBE75D400364FD5 /* YearResultsViewModel.swift */,
			);
			name = YearResults;
			sourceTree = "<group>";
		};
		35D57EAC1D9C524500433517 /* Container VC */ = {
			isa = PBXGroup;
			children = (
				358218EF1D9577F900D512C3 /* ContainerViewController.swift */,
				351535091DC007360089BD14 /* ContainerViewController.xib */,
				359BB50E1DA56A66003D0B69 /* Extensions */,
			);
			name = "Container VC";
			sourceTree = "<group>";
		};
		35D57EBB1D9C631E00433517 /* Views */ = {
			isa = PBXGroup;
			children = (
				35D57EBC1D9C632500433517 /* Tax Payer Cell */,
				3591643A1D9D88CB008499BB /* Dates Cell */,
				358D60D81D9F066600EB9ADC /* Countries Cell */,
				358D60DD1D9F091700EB9ADC /* Years Conclusion */,
			);
			name = Views;
			sourceTree = "<group>";
		};
		35D57EBC1D9C632500433517 /* Tax Payer Cell */ = {
			isa = PBXGroup;
			children = (
				35D57EB71D9C618800433517 /* TaxPayerCell.swift */,
				35D57EB81D9C618800433517 /* TaxPayerCell.xib */,
			);
			name = "Tax Payer Cell";
			sourceTree = "<group>";
		};
		35E5C6F81D5B75BD0078B8C8 = {
			isa = PBXGroup;
			children = (
				35E5C7031D5B75BD0078B8C8 /* VisitCalculator */,
				35E5C7181D5B75BE0078B8C8 /* VisitCalculatorUITests */,
				3540D05E1D6C8C58000AF728 /* VisitCalculatorTests */,
				35E5C7021D5B75BD0078B8C8 /* Products */,
				B7F0A78E87045769A50E6355 /* Pods */,
				A4F8D6B84BDFA409C99AE53A /* Frameworks */,
			);
			sourceTree = "<group>";
		};
		35E5C7021D5B75BD0078B8C8 /* Products */ = {
			isa = PBXGroup;
			children = (
				35E5C7011D5B75BD0078B8C8 /* VisitCalculator.app */,
				35E5C7151D5B75BE0078B8C8 /* VisitCalculatorUITests.xctest */,
				3540D05D1D6C8C58000AF728 /* VisitCalculatorTests.xctest */,
			);
			name = Products;
			sourceTree = "<group>";
		};
		35E5C7031D5B75BD0078B8C8 /* VisitCalculator */ = {
			isa = PBXGroup;
			children = (
				356DD6DE1D7F324D001DD360 /* CoreData */,
				351686F11DA6E34300F21534 /* ViewModels */,
				35B67EC91D7726A80073CC58 /* Controllers */,
				35B588341D6BA2880097FBF1 /* Models */,
				35B588331D6B97B60097FBF1 /* Helpers */,
				3511662B1D6CD35F00A2A1F2 /* Extensions */,
				35B67ECA1D7726C10073CC58 /* Handlers */,
				35B67ECC1D7726EA0073CC58 /* Resource Files */,
				3569920A1D7A1EEF007CD216 /* Utils */,
				35D57EBB1D9C631E00433517 /* Views */,
				35E5C7041D5B75BD0078B8C8 /* AppDelegate.swift */,
			);
			path = VisitCalculator;
			sourceTree = "<group>";
		};
		35E5C7181D5B75BE0078B8C8 /* VisitCalculatorUITests */ = {
			isa = PBXGroup;
			children = (
				358722091DC004680039C678 /* InfoPlist.strings */,
				35E5C7191D5B75BE0078B8C8 /* VisitCalculatorUITests.swift */,
				35E5C71B1D5B75BE0078B8C8 /* Info.plist */,
			);
			path = VisitCalculatorUITests;
			sourceTree = "<group>";
		};
		35FED9851D83104500C83F98 /* Add Stay */ = {
			isa = PBXGroup;
			children = (
				3517A9451D81F5BB00681E40 /* AddStayViewController.swift */,
				3515350E1DC007620089BD14 /* AddStayViewController.xib */,
				359BB5141DA58264003D0B69 /* Extensions */,
				351C22F71D9ACFF000C2F983 /* CountriesList VC */,
			);
			name = "Add Stay";
			sourceTree = "<group>";
		};
		A4F8D6B84BDFA409C99AE53A /* Frameworks */ = {
			isa = PBXGroup;
			children = (
				88EAC92BA7673FCCE0D30F6B /* Pods_VisitCalculator.framework */,
				72CD7868A15A55D55326AE7D /* Pods_VisitCalculatorUITests.framework */,
				EC4388F153F27537B2FBD3AE /* Pods_VisitCalculatorTests.framework */,
			);
			name = Frameworks;
			sourceTree = "<group>";
		};
		B7F0A78E87045769A50E6355 /* Pods */ = {
			isa = PBXGroup;
			children = (
				DB15D840B28E44A1B891CE01 /* Pods-VisitCalculator.debug.xcconfig */,
				1E4BDC95A0DA73798AA7CBDB /* Pods-VisitCalculator.release.xcconfig */,
				6D54C76CB1B3AF2D6FE9AA93 /* Pods-VisitCalculatorUITests.debug.xcconfig */,
				FD547852D58EBB48794B0F14 /* Pods-VisitCalculatorUITests.release.xcconfig */,
				0F98182FFB2A5482062B8C37 /* Pods-VisitCalculatorTests.debug.xcconfig */,
				632852411F9CD0460745406A /* Pods-VisitCalculatorTests.release.xcconfig */,
			);
			name = Pods;
			sourceTree = "<group>";
		};
/* End PBXGroup section */

/* Begin PBXNativeTarget section */
		3540D05C1D6C8C58000AF728 /* VisitCalculatorTests */ = {
			isa = PBXNativeTarget;
			buildConfigurationList = 3540D0661D6C8C58000AF728 /* Build configuration list for PBXNativeTarget "VisitCalculatorTests" */;
			buildPhases = (
				DB98CAEF25455C58BC31D98B /* [CP] Check Pods Manifest.lock */,
				3540D0591D6C8C58000AF728 /* Sources */,
				3540D05A1D6C8C58000AF728 /* Frameworks */,
				3540D05B1D6C8C58000AF728 /* Resources */,
				1850800DAFCFAF590E1D3998 /* [CP] Embed Pods Frameworks */,
				D02190660B68114931D8E453 /* [CP] Copy Pods Resources */,
			);
			buildRules = (
			);
			dependencies = (
				3540D0631D6C8C58000AF728 /* PBXTargetDependency */,
			);
			name = VisitCalculatorTests;
			productName = VisitCalculatorTests;
			productReference = 3540D05D1D6C8C58000AF728 /* VisitCalculatorTests.xctest */;
			productType = "com.apple.product-type.bundle.unit-test";
		};
		35E5C7001D5B75BD0078B8C8 /* VisitCalculator */ = {
			isa = PBXNativeTarget;
			buildConfigurationList = 35E5C71E1D5B75BE0078B8C8 /* Build configuration list for PBXNativeTarget "VisitCalculator" */;
			buildPhases = (
				2F371D4FC7FE4C1C5441BB00 /* [CP] Check Pods Manifest.lock */,
				35E5C6FD1D5B75BD0078B8C8 /* Sources */,
				35E5C6FE1D5B75BD0078B8C8 /* Frameworks */,
				35E5C6FF1D5B75BD0078B8C8 /* Resources */,
				A5168B8D9ECEDDF7B4889996 /* [CP] Embed Pods Frameworks */,
				ED828F3FB6F49FE422E145A1 /* [CP] Copy Pods Resources */,
			);
			buildRules = (
			);
			dependencies = (
			);
			name = VisitCalculator;
			productName = VisitCalculator;
			productReference = 35E5C7011D5B75BD0078B8C8 /* VisitCalculator.app */;
			productType = "com.apple.product-type.application";
		};
		35E5C7141D5B75BE0078B8C8 /* VisitCalculatorUITests */ = {
			isa = PBXNativeTarget;
			buildConfigurationList = 35E5C7211D5B75BE0078B8C8 /* Build configuration list for PBXNativeTarget "VisitCalculatorUITests" */;
			buildPhases = (
				9583AFDFC3E1924260FF1615 /* [CP] Check Pods Manifest.lock */,
				35E5C7111D5B75BE0078B8C8 /* Sources */,
				35E5C7121D5B75BE0078B8C8 /* Frameworks */,
				35E5C7131D5B75BE0078B8C8 /* Resources */,
				AE330C4A84094B6015535C23 /* [CP] Copy Pods Resources */,
			);
			buildRules = (
			);
			dependencies = (
				35E5C7171D5B75BE0078B8C8 /* PBXTargetDependency */,
			);
			name = VisitCalculatorUITests;
			productName = VisitCalculatorUITests;
			productReference = 35E5C7151D5B75BE0078B8C8 /* VisitCalculatorUITests.xctest */;
			productType = "com.apple.product-type.bundle.ui-testing";
		};
/* End PBXNativeTarget section */

/* Begin PBXProject section */
		35E5C6F91D5B75BD0078B8C8 /* Project object */ = {
			isa = PBXProject;
			attributes = {
				LastSwiftUpdateCheck = 0730;
				LastUpgradeCheck = 0730;
				ORGANIZATIONNAME = ARF;
				TargetAttributes = {
					3540D05C1D6C8C58000AF728 = {
						CreatedOnToolsVersion = 7.3.1;
						TestTargetID = 35E5C7001D5B75BD0078B8C8;
					};
					35E5C7001D5B75BD0078B8C8 = {
						CreatedOnToolsVersion = 7.3.1;
					};
					35E5C7141D5B75BE0078B8C8 = {
						CreatedOnToolsVersion = 7.3.1;
						TestTargetID = 35E5C7001D5B75BD0078B8C8;
					};
				};
			};
			buildConfigurationList = 35E5C6FC1D5B75BD0078B8C8 /* Build configuration list for PBXProject "VisitCalculator" */;
			compatibilityVersion = "Xcode 3.2";
			developmentRegion = English;
			hasScannedForEncodings = 0;
			knownRegions = (
				en,
				Base,
				es,
			);
			mainGroup = 35E5C6F81D5B75BD0078B8C8;
			productRefGroup = 35E5C7021D5B75BD0078B8C8 /* Products */;
			projectDirPath = "";
			projectRoot = "";
			targets = (
				35E5C7001D5B75BD0078B8C8 /* VisitCalculator */,
				35E5C7141D5B75BE0078B8C8 /* VisitCalculatorUITests */,
				3540D05C1D6C8C58000AF728 /* VisitCalculatorTests */,
			);
		};
/* End PBXProject section */

/* Begin PBXResourcesBuildPhase section */
		3540D05B1D6C8C58000AF728 /* Resources */ = {
			isa = PBXResourcesBuildPhase;
			buildActionMask = 2147483647;
			files = (
				3587220C1DC004690039C678 /* InfoPlist.strings in Resources */,
			);
			runOnlyForDeploymentPostprocessing = 0;
		};
		35E5C6FF1D5B75BD0078B8C8 /* Resources */ = {
			isa = PBXResourcesBuildPhase;
			buildActionMask = 2147483647;
			files = (
				35D57EAB1D9C334E00433517 /* TaxPayersViewController.xib in Resources */,
				351535021DC006940089BD14 /* AddTaxPayerViewController.xib in Resources */,
				351CCF581D9C12C300F4E23F /* YearResultsViewController.xib in Resources */,
				35D57EBA1D9C618800433517 /* TaxPayerCell.xib in Resources */,
				3515350C1DC007620089BD14 /* AddStayViewController.xib in Resources */,
				351535071DC007360089BD14 /* ContainerViewController.xib in Resources */,
				35E5C70C1D5B75BE0078B8C8 /* Assets.xcassets in Resources */,
				351535111DC007780089BD14 /* ChooseDynamicDateController.xib in Resources */,
				35D57EB51D9C58EA00433517 /* SourceSansPro-Regular.ttf in Resources */,
				35D57EB61D9C58ED00433517 /* SourceSansPro-Semibold.ttf in Resources */,
				358722021DC004680039C678 /* InfoPlist.strings in Resources */,
				351CCF5A1D9C143E00F4E23F /* StaysListViewController.xib in Resources */,
				351535161DC007900089BD14 /* ResultsViewController.xib in Resources */,
				358D60DC1D9F091000EB9ADC /* YearsConclusionCell.xib in Resources */,
				358721FD1DC004670039C678 /* Localizable.strings in Resources */,
				351C22F61D9ACD1600C2F983 /* CountriesListViewController.xib in Resources */,
				35D57EB41D9C58E600433517 /* SourceSansPro-Bold.ttf in Resources */,
				359164391D9D86C5008499BB /* DatesCell.xib in Resources */,
				358D60D41D9F01C200EB9ADC /* CountriesCell.xib in Resources */,
			);
			runOnlyForDeploymentPostprocessing = 0;
		};
		35E5C7131D5B75BE0078B8C8 /* Resources */ = {
			isa = PBXResourcesBuildPhase;
			buildActionMask = 2147483647;
			files = (
				358722071DC004680039C678 /* InfoPlist.strings in Resources */,
			);
			runOnlyForDeploymentPostprocessing = 0;
		};
/* End PBXResourcesBuildPhase section */

/* Begin PBXShellScriptBuildPhase section */
		1850800DAFCFAF590E1D3998 /* [CP] Embed Pods Frameworks */ = {
			isa = PBXShellScriptBuildPhase;
			buildActionMask = 2147483647;
			files = (
			);
			inputPaths = (
			);
			name = "[CP] Embed Pods Frameworks";
			outputPaths = (
			);
			runOnlyForDeploymentPostprocessing = 0;
			shellPath = /bin/sh;
			shellScript = "\"${SRCROOT}/Pods/Target Support Files/Pods-VisitCalculatorTests/Pods-VisitCalculatorTests-frameworks.sh\"\n";
			showEnvVarsInLog = 0;
		};
		2F371D4FC7FE4C1C5441BB00 /* [CP] Check Pods Manifest.lock */ = {
			isa = PBXShellScriptBuildPhase;
			buildActionMask = 2147483647;
			files = (
			);
			inputPaths = (
			);
			name = "[CP] Check Pods Manifest.lock";
			outputPaths = (
			);
			runOnlyForDeploymentPostprocessing = 0;
			shellPath = /bin/sh;
			shellScript = "diff \"${PODS_ROOT}/../Podfile.lock\" \"${PODS_ROOT}/Manifest.lock\" > /dev/null\nif [[ $? != 0 ]] ; then\n    cat << EOM\nerror: The sandbox is not in sync with the Podfile.lock. Run 'pod install' or update your CocoaPods installation.\nEOM\n    exit 1\nfi\n";
			showEnvVarsInLog = 0;
		};
		9583AFDFC3E1924260FF1615 /* [CP] Check Pods Manifest.lock */ = {
			isa = PBXShellScriptBuildPhase;
			buildActionMask = 2147483647;
			files = (
			);
			inputPaths = (
			);
			name = "[CP] Check Pods Manifest.lock";
			outputPaths = (
			);
			runOnlyForDeploymentPostprocessing = 0;
			shellPath = /bin/sh;
			shellScript = "diff \"${PODS_ROOT}/../Podfile.lock\" \"${PODS_ROOT}/Manifest.lock\" > /dev/null\nif [[ $? != 0 ]] ; then\n    cat << EOM\nerror: The sandbox is not in sync with the Podfile.lock. Run 'pod install' or update your CocoaPods installation.\nEOM\n    exit 1\nfi\n";
			showEnvVarsInLog = 0;
		};
		A5168B8D9ECEDDF7B4889996 /* [CP] Embed Pods Frameworks */ = {
			isa = PBXShellScriptBuildPhase;
			buildActionMask = 2147483647;
			files = (
			);
			inputPaths = (
			);
			name = "[CP] Embed Pods Frameworks";
			outputPaths = (
			);
			runOnlyForDeploymentPostprocessing = 0;
			shellPath = /bin/sh;
			shellScript = "\"${SRCROOT}/Pods/Target Support Files/Pods-VisitCalculator/Pods-VisitCalculator-frameworks.sh\"\n";
			showEnvVarsInLog = 0;
		};
		AE330C4A84094B6015535C23 /* [CP] Copy Pods Resources */ = {
			isa = PBXShellScriptBuildPhase;
			buildActionMask = 2147483647;
			files = (
			);
			inputPaths = (
			);
			name = "[CP] Copy Pods Resources";
			outputPaths = (
			);
			runOnlyForDeploymentPostprocessing = 0;
			shellPath = /bin/sh;
			shellScript = "\"${SRCROOT}/Pods/Target Support Files/Pods-VisitCalculatorUITests/Pods-VisitCalculatorUITests-resources.sh\"\n";
			showEnvVarsInLog = 0;
		};
		D02190660B68114931D8E453 /* [CP] Copy Pods Resources */ = {
			isa = PBXShellScriptBuildPhase;
			buildActionMask = 2147483647;
			files = (
			);
			inputPaths = (
			);
			name = "[CP] Copy Pods Resources";
			outputPaths = (
			);
			runOnlyForDeploymentPostprocessing = 0;
			shellPath = /bin/sh;
			shellScript = "\"${SRCROOT}/Pods/Target Support Files/Pods-VisitCalculatorTests/Pods-VisitCalculatorTests-resources.sh\"\n";
			showEnvVarsInLog = 0;
		};
		DB98CAEF25455C58BC31D98B /* [CP] Check Pods Manifest.lock */ = {
			isa = PBXShellScriptBuildPhase;
			buildActionMask = 2147483647;
			files = (
			);
			inputPaths = (
			);
			name = "[CP] Check Pods Manifest.lock";
			outputPaths = (
			);
			runOnlyForDeploymentPostprocessing = 0;
			shellPath = /bin/sh;
			shellScript = "diff \"${PODS_ROOT}/../Podfile.lock\" \"${PODS_ROOT}/Manifest.lock\" > /dev/null\nif [[ $? != 0 ]] ; then\n    cat << EOM\nerror: The sandbox is not in sync with the Podfile.lock. Run 'pod install' or update your CocoaPods installation.\nEOM\n    exit 1\nfi\n";
			showEnvVarsInLog = 0;
		};
		ED828F3FB6F49FE422E145A1 /* [CP] Copy Pods Resources */ = {
			isa = PBXShellScriptBuildPhase;
			buildActionMask = 2147483647;
			files = (
			);
			inputPaths = (
			);
			name = "[CP] Copy Pods Resources";
			outputPaths = (
			);
			runOnlyForDeploymentPostprocessing = 0;
			shellPath = /bin/sh;
			shellScript = "\"${SRCROOT}/Pods/Target Support Files/Pods-VisitCalculator/Pods-VisitCalculator-resources.sh\"\n";
			showEnvVarsInLog = 0;
		};
/* End PBXShellScriptBuildPhase section */

/* Begin PBXSourcesBuildPhase section */
		3540D0591D6C8C58000AF728 /* Sources */ = {
			isa = PBXSourcesBuildPhase;
			buildActionMask = 2147483647;
			files = (
				358C62051D9059BB00E9CAA8 /* ValidateStayTests.swift in Sources */,
				35214DF51D7F5C39009AD55C /* CoreDataTests.swift in Sources */,
				3540D0601D6C8C58000AF728 /* VisitCalculatorTests.swift in Sources */,
				35A33E7E1D75F9B4003D2BC6 /* StayHandlerTests.swift in Sources */,
			);
			runOnlyForDeploymentPostprocessing = 0;
		};
		35E5C6FD1D5B75BD0078B8C8 /* Sources */ = {
			isa = PBXSourcesBuildPhase;
			buildActionMask = 2147483647;
			files = (
				35A15C3D1D942408007CCDD0 /* Country.swift in Sources */,
				354AFB3B1D889DEF009CF6D6 /* CDDate.swift in Sources */,
				35A4C37F1D786E0800488A2E /* YearResultsViewController.swift in Sources */,
				358D60D61D9F047600EB9ADC /* CountriesListExtensions.swift in Sources */,
				356A77A61DABF230001C318C /* AddStayViewModel.swift in Sources */,
				35B67ED21D773A060073CC58 /* ResultsViewController.swift in Sources */,
				3517A9441D81EB8F00681E40 /* NSUserDefaults.swift in Sources */,
				359164381D9D86C5008499BB /* DatesCell.swift in Sources */,
				35D57EB01D9C561D00433517 /* UIColor.swift in Sources */,
				35A15C431D948DA0007CCDD0 /* AddTaxPayerViewController.swift in Sources */,
				35E5C7271D5B7C8B0078B8C8 /* DateFormatHelper.swift in Sources */,
				35D0FBB31DBE75D400364FD5 /* YearResultsViewModel.swift in Sources */,
				3589733C1D89B11700ECC634 /* CDDate+CoreDataProperties.swift in Sources */,
				35D57EAE1D9C551F00433517 /* Appearance.swift in Sources */,
				354ECEA41D9EFD170017C11E /* RoundedButton.swift in Sources */,
				35D57EAA1D9C334E00433517 /* TaxPayersViewController.swift in Sources */,
				35D0FBB11DBE68E700364FD5 /* ResultsViewModel.swift in Sources */,
				356992091D7A1E42007CD216 /* Constants.swift in Sources */,
				358218F01D9577F900D512C3 /* ContainerViewController.swift in Sources */,
				35D57EB91D9C618800433517 /* TaxPayerCell.swift in Sources */,
				359BB5101DA57E97003D0B69 /* StaysListViewControllerExtensions.swift in Sources */,
				35A77DE91DB95C9F00F04747 /* ChooseDynamicDateViewModel.swift in Sources */,
				35A77DE71DB9533300F04747 /* CountriesListViewModel.swift in Sources */,
				35E5C7251D5B7AB10078B8C8 /* Stay.swift in Sources */,
				35E5C7071D5B75BD0078B8C8 /* StaysListViewController.swift in Sources */,
				359BB5131DA5817E003D0B69 /* AddStayViewControllerExtensions.swift in Sources */,
				359BB50D1DA56A40003D0B69 /* ContainerViewControllerExtensions.swift in Sources */,
				35A33E7C1D75F6C1003D2BC6 /* StayHandler.swift in Sources */,
				35B588321D6B979B0097FBF1 /* DatesCalculatorHelper.swift in Sources */,
				3589733E1D89B14800ECC634 /* CDTaxPayer+CoreDataProperties.swift in Sources */,
				354AFB3C1D889DEF009CF6D6 /* CDStay.swift in Sources */,
				351686F51DA6E41600F21534 /* TaxPayersViewModel.swift in Sources */,
				35B588361D6BA2990097FBF1 /* DatesRange.swift in Sources */,
				35C0F1F91D8CA9FD00442AFE /* CDStayQueries.swift in Sources */,
				358218EC1D9574CA00D512C3 /* TaxPayersExtensions.swift in Sources */,
				354AFB351D889D85009CF6D6 /* CDStay+CoreDataProperties.swift in Sources */,
				358D60D31D9F01C200EB9ADC /* CountriesCell.swift in Sources */,
				35214DE51D7F357F009AD55C /* Model.xcdatamodeld in Sources */,
				35B67EC81D77240E0073CC58 /* ChooseDynamicDateController.swift in Sources */,
				35D62C1E1D8AEDF30071006E /* CountriesListViewController.swift in Sources */,
				356A77A31DABE7D1001C318C /* StaysListViewModel.swift in Sources */,
				3517A9461D81F5BB00681E40 /* AddStayViewController.swift in Sources */,
				35C0F1F61D8C884B00442AFE /* CDDateQueries.swift in Sources */,
				351686F01DA6B93100F21534 /* AddTaxPayerViewModel.swift in Sources */,
				354AFB381D889D85009CF6D6 /* CDTaxPayer.swift in Sources */,
				35A4C3811D78C3A900488A2E /* YearResponse.swift in Sources */,
				358D60DB1D9F091000EB9ADC /* YearsConclusionCell.swift in Sources */,
				35E5C7051D5B75BD0078B8C8 /* AppDelegate.swift in Sources */,
				35E5C7291D5B88820078B8C8 /* NSDate.swift in Sources */,
			);
			runOnlyForDeploymentPostprocessing = 0;
		};
		35E5C7111D5B75BE0078B8C8 /* Sources */ = {
			isa = PBXSourcesBuildPhase;
			buildActionMask = 2147483647;
			files = (
				35E5C71A1D5B75BE0078B8C8 /* VisitCalculatorUITests.swift in Sources */,
			);
			runOnlyForDeploymentPostprocessing = 0;
		};
/* End PBXSourcesBuildPhase section */

/* Begin PBXTargetDependency section */
		3540D0631D6C8C58000AF728 /* PBXTargetDependency */ = {
			isa = PBXTargetDependency;
			target = 35E5C7001D5B75BD0078B8C8 /* VisitCalculator */;
			targetProxy = 3540D0621D6C8C58000AF728 /* PBXContainerItemProxy */;
		};
		35E5C7171D5B75BE0078B8C8 /* PBXTargetDependency */ = {
			isa = PBXTargetDependency;
			target = 35E5C7001D5B75BD0078B8C8 /* VisitCalculator */;
			targetProxy = 35E5C7161D5B75BE0078B8C8 /* PBXContainerItemProxy */;
		};
/* End PBXTargetDependency section */

/* Begin PBXVariantGroup section */
		351535041DC006940089BD14 /* AddTaxPayerViewController.xib */ = {
			isa = PBXVariantGroup;
			children = (
				351535031DC006940089BD14 /* Base */,
				351535061DC006990089BD14 /* es */,
			);
			name = AddTaxPayerViewController.xib;
			sourceTree = "<group>";
		};
		351535091DC007360089BD14 /* ContainerViewController.xib */ = {
			isa = PBXVariantGroup;
			children = (
				351535081DC007360089BD14 /* Base */,
				3515350B1DC0073C0089BD14 /* es */,
			);
			name = ContainerViewController.xib;
			sourceTree = "<group>";
		};
		3515350E1DC007620089BD14 /* AddStayViewController.xib */ = {
			isa = PBXVariantGroup;
			children = (
				3515350D1DC007620089BD14 /* Base */,
				351535101DC007670089BD14 /* es */,
			);
			name = AddStayViewController.xib;
			sourceTree = "<group>";
		};
		351535131DC007780089BD14 /* ChooseDynamicDateController.xib */ = {
			isa = PBXVariantGroup;
			children = (
				351535121DC007780089BD14 /* Base */,
				351535151DC0077A0089BD14 /* es */,
			);
			name = ChooseDynamicDateController.xib;
			sourceTree = "<group>";
		};
		351535181DC007900089BD14 /* ResultsViewController.xib */ = {
			isa = PBXVariantGroup;
			children = (
				351535171DC007900089BD14 /* Base */,
				3515351A1DC007920089BD14 /* es */,
			);
			name = ResultsViewController.xib;
			sourceTree = "<group>";
		};
		358721FF1DC004670039C678 /* Localizable.strings */ = {
			isa = PBXVariantGroup;
			children = (
				358721FE1DC004670039C678 /* es */,
			);
			name = Localizable.strings;
			sourceTree = "<group>";
		};
		358722041DC004680039C678 /* InfoPlist.strings */ = {
			isa = PBXVariantGroup;
			children = (
				358722031DC004680039C678 /* es */,
			);
			name = InfoPlist.strings;
			sourceTree = "<group>";
		};
		358722091DC004680039C678 /* InfoPlist.strings */ = {
			isa = PBXVariantGroup;
			children = (
				358722081DC004680039C678 /* es */,
			);
			name = InfoPlist.strings;
			sourceTree = "<group>";
		};
		3587220E1DC004690039C678 /* InfoPlist.strings */ = {
			isa = PBXVariantGroup;
			children = (
				3587220D1DC004690039C678 /* es */,
			);
			name = InfoPlist.strings;
			sourceTree = "<group>";
		};
/* End PBXVariantGroup section */

/* Begin XCBuildConfiguration section */
		3540D0641D6C8C58000AF728 /* Debug */ = {
			isa = XCBuildConfiguration;
			baseConfigurationReference = 0F98182FFB2A5482062B8C37 /* Pods-VisitCalculatorTests.debug.xcconfig */;
			buildSettings = {
				BUNDLE_LOADER = "$(TEST_HOST)";
				INFOPLIST_FILE = VisitCalculatorTests/Info.plist;
				LD_RUNPATH_SEARCH_PATHS = "$(inherited) @executable_path/Frameworks @loader_path/Frameworks";
				PRODUCT_BUNDLE_IDENTIFIER = com.ARF.VisitCalculatorTests;
				PRODUCT_NAME = "$(TARGET_NAME)";
				TEST_HOST = "$(BUILT_PRODUCTS_DIR)/VisitCalculator.app/VisitCalculator";
			};
			name = Debug;
		};
		3540D0651D6C8C58000AF728 /* Release */ = {
			isa = XCBuildConfiguration;
			baseConfigurationReference = 632852411F9CD0460745406A /* Pods-VisitCalculatorTests.release.xcconfig */;
			buildSettings = {
				BUNDLE_LOADER = "$(TEST_HOST)";
				INFOPLIST_FILE = VisitCalculatorTests/Info.plist;
				LD_RUNPATH_SEARCH_PATHS = "$(inherited) @executable_path/Frameworks @loader_path/Frameworks";
				PRODUCT_BUNDLE_IDENTIFIER = com.ARF.VisitCalculatorTests;
				PRODUCT_NAME = "$(TARGET_NAME)";
				TEST_HOST = "$(BUILT_PRODUCTS_DIR)/VisitCalculator.app/VisitCalculator";
			};
			name = Release;
		};
		35E5C71C1D5B75BE0078B8C8 /* Debug */ = {
			isa = XCBuildConfiguration;
			buildSettings = {
				ALWAYS_SEARCH_USER_PATHS = NO;
				CLANG_ANALYZER_NONNULL = YES;
				CLANG_CXX_LANGUAGE_STANDARD = "gnu++0x";
				CLANG_CXX_LIBRARY = "libc++";
				CLANG_ENABLE_MODULES = YES;
				CLANG_ENABLE_OBJC_ARC = YES;
				CLANG_WARN_BOOL_CONVERSION = YES;
				CLANG_WARN_CONSTANT_CONVERSION = YES;
				CLANG_WARN_DIRECT_OBJC_ISA_USAGE = YES_ERROR;
				CLANG_WARN_EMPTY_BODY = YES;
				CLANG_WARN_ENUM_CONVERSION = YES;
				CLANG_WARN_INT_CONVERSION = YES;
				CLANG_WARN_OBJC_ROOT_CLASS = YES_ERROR;
				CLANG_WARN_UNREACHABLE_CODE = YES;
				CLANG_WARN__DUPLICATE_METHOD_MATCH = YES;
				"CODE_SIGN_IDENTITY[sdk=iphoneos*]" = "iPhone Developer";
				COPY_PHASE_STRIP = NO;
				DEBUG_INFORMATION_FORMAT = dwarf;
				ENABLE_STRICT_OBJC_MSGSEND = YES;
				ENABLE_TESTABILITY = YES;
				GCC_C_LANGUAGE_STANDARD = gnu99;
				GCC_DYNAMIC_NO_PIC = NO;
				GCC_NO_COMMON_BLOCKS = YES;
				GCC_OPTIMIZATION_LEVEL = 0;
				GCC_PREPROCESSOR_DEFINITIONS = (
					"DEBUG=1",
					"$(inherited)",
				);
				GCC_WARN_64_TO_32_BIT_CONVERSION = YES;
				GCC_WARN_ABOUT_RETURN_TYPE = YES_ERROR;
				GCC_WARN_UNDECLARED_SELECTOR = YES;
				GCC_WARN_UNINITIALIZED_AUTOS = YES_AGGRESSIVE;
				GCC_WARN_UNUSED_FUNCTION = YES;
				GCC_WARN_UNUSED_VARIABLE = YES;
				IPHONEOS_DEPLOYMENT_TARGET = 9.3;
				MTL_ENABLE_DEBUG_INFO = YES;
				ONLY_ACTIVE_ARCH = YES;
				SDKROOT = iphoneos;
				SWIFT_OPTIMIZATION_LEVEL = "-Onone";
			};
			name = Debug;
		};
		35E5C71D1D5B75BE0078B8C8 /* Release */ = {
			isa = XCBuildConfiguration;
			buildSettings = {
				ALWAYS_SEARCH_USER_PATHS = NO;
				CLANG_ANALYZER_NONNULL = YES;
				CLANG_CXX_LANGUAGE_STANDARD = "gnu++0x";
				CLANG_CXX_LIBRARY = "libc++";
				CLANG_ENABLE_MODULES = YES;
				CLANG_ENABLE_OBJC_ARC = YES;
				CLANG_WARN_BOOL_CONVERSION = YES;
				CLANG_WARN_CONSTANT_CONVERSION = YES;
				CLANG_WARN_DIRECT_OBJC_ISA_USAGE = YES_ERROR;
				CLANG_WARN_EMPTY_BODY = YES;
				CLANG_WARN_ENUM_CONVERSION = YES;
				CLANG_WARN_INT_CONVERSION = YES;
				CLANG_WARN_OBJC_ROOT_CLASS = YES_ERROR;
				CLANG_WARN_UNREACHABLE_CODE = YES;
				CLANG_WARN__DUPLICATE_METHOD_MATCH = YES;
				"CODE_SIGN_IDENTITY[sdk=iphoneos*]" = "iPhone Developer";
				COPY_PHASE_STRIP = NO;
				DEBUG_INFORMATION_FORMAT = "dwarf-with-dsym";
				ENABLE_NS_ASSERTIONS = NO;
				ENABLE_STRICT_OBJC_MSGSEND = YES;
				GCC_C_LANGUAGE_STANDARD = gnu99;
				GCC_NO_COMMON_BLOCKS = YES;
				GCC_WARN_64_TO_32_BIT_CONVERSION = YES;
				GCC_WARN_ABOUT_RETURN_TYPE = YES_ERROR;
				GCC_WARN_UNDECLARED_SELECTOR = YES;
				GCC_WARN_UNINITIALIZED_AUTOS = YES_AGGRESSIVE;
				GCC_WARN_UNUSED_FUNCTION = YES;
				GCC_WARN_UNUSED_VARIABLE = YES;
				IPHONEOS_DEPLOYMENT_TARGET = 9.3;
				MTL_ENABLE_DEBUG_INFO = NO;
				SDKROOT = iphoneos;
				VALIDATE_PRODUCT = YES;
			};
			name = Release;
		};
		35E5C71F1D5B75BE0078B8C8 /* Debug */ = {
			isa = XCBuildConfiguration;
			baseConfigurationReference = DB15D840B28E44A1B891CE01 /* Pods-VisitCalculator.debug.xcconfig */;
			buildSettings = {
				ASSETCATALOG_COMPILER_APPICON_NAME = AppIcon;
				ASSETCATALOG_COMPILER_LAUNCHIMAGE_NAME = LaunchImage;
				INFOPLIST_FILE = VisitCalculator/Info.plist;
				LD_RUNPATH_SEARCH_PATHS = "$(inherited) @executable_path/Frameworks";
				PRODUCT_BUNDLE_IDENTIFIER = com.ARF.VisitCalculator;
				PRODUCT_NAME = "$(TARGET_NAME)";
				PROVISIONING_PROFILE = "";
				TARGETED_DEVICE_FAMILY = 1;
			};
			name = Debug;
		};
		35E5C7201D5B75BE0078B8C8 /* Release */ = {
			isa = XCBuildConfiguration;
			baseConfigurationReference = 1E4BDC95A0DA73798AA7CBDB /* Pods-VisitCalculator.release.xcconfig */;
			buildSettings = {
				ASSETCATALOG_COMPILER_APPICON_NAME = AppIcon;
				ASSETCATALOG_COMPILER_LAUNCHIMAGE_NAME = LaunchImage;
				INFOPLIST_FILE = VisitCalculator/Info.plist;
				LD_RUNPATH_SEARCH_PATHS = "$(inherited) @executable_path/Frameworks";
				PRODUCT_BUNDLE_IDENTIFIER = com.ARF.VisitCalculator;
				PRODUCT_NAME = "$(TARGET_NAME)";
				PROVISIONING_PROFILE = "";
				TARGETED_DEVICE_FAMILY = 1;
			};
			name = Release;
		};
		35E5C7221D5B75BE0078B8C8 /* Debug */ = {
			isa = XCBuildConfiguration;
			baseConfigurationReference = 6D54C76CB1B3AF2D6FE9AA93 /* Pods-VisitCalculatorUITests.debug.xcconfig */;
			buildSettings = {
				INFOPLIST_FILE = VisitCalculatorUITests/Info.plist;
				LD_RUNPATH_SEARCH_PATHS = "$(inherited) @executable_path/Frameworks @loader_path/Frameworks";
				PRODUCT_BUNDLE_IDENTIFIER = com.ARF.VisitCalculatorUITests;
				PRODUCT_NAME = "$(TARGET_NAME)";
				TEST_TARGET_NAME = VisitCalculator;
			};
			name = Debug;
		};
		35E5C7231D5B75BE0078B8C8 /* Release */ = {
			isa = XCBuildConfiguration;
			baseConfigurationReference = FD547852D58EBB48794B0F14 /* Pods-VisitCalculatorUITests.release.xcconfig */;
			buildSettings = {
				INFOPLIST_FILE = VisitCalculatorUITests/Info.plist;
				LD_RUNPATH_SEARCH_PATHS = "$(inherited) @executable_path/Frameworks @loader_path/Frameworks";
				PRODUCT_BUNDLE_IDENTIFIER = com.ARF.VisitCalculatorUITests;
				PRODUCT_NAME = "$(TARGET_NAME)";
				TEST_TARGET_NAME = VisitCalculator;
			};
			name = Release;
		};
/* End XCBuildConfiguration section */

/* Begin XCConfigurationList section */
		3540D0661D6C8C58000AF728 /* Build configuration list for PBXNativeTarget "VisitCalculatorTests" */ = {
			isa = XCConfigurationList;
			buildConfigurations = (
				3540D0641D6C8C58000AF728 /* Debug */,
				3540D0651D6C8C58000AF728 /* Release */,
			);
			defaultConfigurationIsVisible = 0;
			defaultConfigurationName = Release;
		};
		35E5C6FC1D5B75BD0078B8C8 /* Build configuration list for PBXProject "VisitCalculator" */ = {
			isa = XCConfigurationList;
			buildConfigurations = (
				35E5C71C1D5B75BE0078B8C8 /* Debug */,
				35E5C71D1D5B75BE0078B8C8 /* Release */,
			);
			defaultConfigurationIsVisible = 0;
			defaultConfigurationName = Release;
		};
		35E5C71E1D5B75BE0078B8C8 /* Build configuration list for PBXNativeTarget "VisitCalculator" */ = {
			isa = XCConfigurationList;
			buildConfigurations = (
				35E5C71F1D5B75BE0078B8C8 /* Debug */,
				35E5C7201D5B75BE0078B8C8 /* Release */,
			);
			defaultConfigurationIsVisible = 0;
			defaultConfigurationName = Release;
		};
		35E5C7211D5B75BE0078B8C8 /* Build configuration list for PBXNativeTarget "VisitCalculatorUITests" */ = {
			isa = XCConfigurationList;
			buildConfigurations = (
				35E5C7221D5B75BE0078B8C8 /* Debug */,
				35E5C7231D5B75BE0078B8C8 /* Release */,
			);
			defaultConfigurationIsVisible = 0;
			defaultConfigurationName = Release;
		};
/* End XCConfigurationList section */

/* Begin XCVersionGroup section */
		35214DE31D7F357F009AD55C /* Model.xcdatamodeld */ = {
			isa = XCVersionGroup;
			children = (
				35214DE41D7F357F009AD55C /* Model.xcdatamodel */,
			);
			currentVersion = 35214DE41D7F357F009AD55C /* Model.xcdatamodel */;
			path = Model.xcdatamodeld;
			sourceTree = "<group>";
			versionGroupType = wrapper.xcdatamodel;
		};
/* End XCVersionGroup section */
	};
	rootObject = 35E5C6F91D5B75BD0078B8C8 /* Project object */;
}
