// !$*UTF8*$!
{
	archiveVersion = 1;
	classes = {
	};
	objectVersion = 46;
	objects = {

/* Begin PBXBuildFile section */
		3517A9441D81EB8F00681E40 /* NSUserDefaults.swift in Sources */ = {isa = PBXBuildFile; fileRef = 3517A9431D81EB8F00681E40 /* NSUserDefaults.swift */; };
		3517A9461D81F5BB00681E40 /* AddStayViewController.swift in Sources */ = {isa = PBXBuildFile; fileRef = 3517A9451D81F5BB00681E40 /* AddStayViewController.swift */; };
		351C22F61D9ACD1600C2F983 /* CountriesListViewController.xib in Resources */ = {isa = PBXBuildFile; fileRef = 351C22F51D9ACD1600C2F983 /* CountriesListViewController.xib */; };
		351CCF581D9C12C300F4E23F /* YearResultsViewController.xib in Resources */ = {isa = PBXBuildFile; fileRef = 351CCF571D9C12C300F4E23F /* YearResultsViewController.xib */; };
		351CCF5A1D9C143E00F4E23F /* StaysListViewController.xib in Resources */ = {isa = PBXBuildFile; fileRef = 351CCF591D9C143E00F4E23F /* StaysListViewController.xib */; };
		351CCF5D1D9C1ACA00F4E23F /* ChooseDynamicDateController.xib in Resources */ = {isa = PBXBuildFile; fileRef = 351CCF5C1D9C1ACA00F4E23F /* ChooseDynamicDateController.xib */; };
		351CCF5F1D9C1F0C00F4E23F /* AddStayViewController.xib in Resources */ = {isa = PBXBuildFile; fileRef = 351CCF5E1D9C1F0C00F4E23F /* AddStayViewController.xib */; };
		351CCF611D9C298E00F4E23F /* ContainerViewController.xib in Resources */ = {isa = PBXBuildFile; fileRef = 351CCF601D9C298E00F4E23F /* ContainerViewController.xib */; };
		35214DE51D7F357F009AD55C /* Model.xcdatamodeld in Sources */ = {isa = PBXBuildFile; fileRef = 35214DE31D7F357F009AD55C /* Model.xcdatamodeld */; };
		35214DF51D7F5C39009AD55C /* CoreDataTests.swift in Sources */ = {isa = PBXBuildFile; fileRef = 35214DF41D7F5C39009AD55C /* CoreDataTests.swift */; };
		3540D0601D6C8C58000AF728 /* VisitCalculatorTests.swift in Sources */ = {isa = PBXBuildFile; fileRef = 3540D05F1D6C8C58000AF728 /* VisitCalculatorTests.swift */; };
		354AFB351D889D85009CF6D6 /* CDStay+CoreDataProperties.swift in Sources */ = {isa = PBXBuildFile; fileRef = 354AFB2F1D889D85009CF6D6 /* CDStay+CoreDataProperties.swift */; };
		354AFB381D889D85009CF6D6 /* CDTaxPayer.swift in Sources */ = {isa = PBXBuildFile; fileRef = 354AFB321D889D85009CF6D6 /* CDTaxPayer.swift */; };
		354AFB3B1D889DEF009CF6D6 /* CDDate.swift in Sources */ = {isa = PBXBuildFile; fileRef = 354AFB391D889DEF009CF6D6 /* CDDate.swift */; };
		354AFB3C1D889DEF009CF6D6 /* CDStay.swift in Sources */ = {isa = PBXBuildFile; fileRef = 354AFB3A1D889DEF009CF6D6 /* CDStay.swift */; };
		354AFB401D88A026009CF6D6 /* TaxPayersViewController.swift in Sources */ = {isa = PBXBuildFile; fileRef = 354AFB3F1D88A026009CF6D6 /* TaxPayersViewController.swift */; };
		356992091D7A1E42007CD216 /* Constants.swift in Sources */ = {isa = PBXBuildFile; fileRef = 356992081D7A1E42007CD216 /* Constants.swift */; };
		358218EC1D9574CA00D512C3 /* TaxPayersExtensions.swift in Sources */ = {isa = PBXBuildFile; fileRef = 358218EB1D9574CA00D512C3 /* TaxPayersExtensions.swift */; };
		358218F01D9577F900D512C3 /* ContainerViewController.swift in Sources */ = {isa = PBXBuildFile; fileRef = 358218EF1D9577F900D512C3 /* ContainerViewController.swift */; };
		3589733C1D89B11700ECC634 /* CDDate+CoreDataProperties.swift in Sources */ = {isa = PBXBuildFile; fileRef = 3589733B1D89B11700ECC634 /* CDDate+CoreDataProperties.swift */; };
		3589733E1D89B14800ECC634 /* CDTaxPayer+CoreDataProperties.swift in Sources */ = {isa = PBXBuildFile; fileRef = 3589733D1D89B14800ECC634 /* CDTaxPayer+CoreDataProperties.swift */; };
		358C62051D9059BB00E9CAA8 /* ValidateStayTests.swift in Sources */ = {isa = PBXBuildFile; fileRef = 358C62041D9059BB00E9CAA8 /* ValidateStayTests.swift */; };
		358DD1781D9C0C7C0049979E /* ResultsViewController.xib in Resources */ = {isa = PBXBuildFile; fileRef = 358DD1771D9C0C7C0049979E /* ResultsViewController.xib */; };
		35A15C3D1D942408007CCDD0 /* Country.swift in Sources */ = {isa = PBXBuildFile; fileRef = 35A15C3C1D942408007CCDD0 /* Country.swift */; };
		35A15C431D948DA0007CCDD0 /* AddTaxPayerViewController.swift in Sources */ = {isa = PBXBuildFile; fileRef = 35A15C421D948DA0007CCDD0 /* AddTaxPayerViewController.swift */; };
		35A33E7C1D75F6C1003D2BC6 /* StayHandler.swift in Sources */ = {isa = PBXBuildFile; fileRef = 35A33E7B1D75F6C1003D2BC6 /* StayHandler.swift */; };
		35A33E7E1D75F9B4003D2BC6 /* StayHandlerTests.swift in Sources */ = {isa = PBXBuildFile; fileRef = 35A33E7D1D75F9B4003D2BC6 /* StayHandlerTests.swift */; };
		35A4C37F1D786E0800488A2E /* YearResultsViewController.swift in Sources */ = {isa = PBXBuildFile; fileRef = 35A4C37E1D786E0800488A2E /* YearResultsViewController.swift */; };
		35A4C3811D78C3A900488A2E /* YearResponse.swift in Sources */ = {isa = PBXBuildFile; fileRef = 35A4C3801D78C3A900488A2E /* YearResponse.swift */; };
		35B588321D6B979B0097FBF1 /* DatesCalculatorHelper.swift in Sources */ = {isa = PBXBuildFile; fileRef = 35B588311D6B979B0097FBF1 /* DatesCalculatorHelper.swift */; };
		35B588361D6BA2990097FBF1 /* DatesRange.swift in Sources */ = {isa = PBXBuildFile; fileRef = 35B588351D6BA2990097FBF1 /* DatesRange.swift */; };
		35B67EC81D77240E0073CC58 /* ChooseDynamicDateController.swift in Sources */ = {isa = PBXBuildFile; fileRef = 35B67EC71D77240E0073CC58 /* ChooseDynamicDateController.swift */; };
		35B67ED21D773A060073CC58 /* ResultsViewController.swift in Sources */ = {isa = PBXBuildFile; fileRef = 35B67ED11D773A060073CC58 /* ResultsViewController.swift */; };
		35C0F1F61D8C884B00442AFE /* CDDateQueries.swift in Sources */ = {isa = PBXBuildFile; fileRef = 35C0F1F51D8C884B00442AFE /* CDDateQueries.swift */; };
		35C0F1F91D8CA9FD00442AFE /* CDStayQueries.swift in Sources */ = {isa = PBXBuildFile; fileRef = 35C0F1F81D8CA9FD00442AFE /* CDStayQueries.swift */; };
		35D62C1E1D8AEDF30071006E /* CountriesListViewController.swift in Sources */ = {isa = PBXBuildFile; fileRef = 35D62C1D1D8AEDF30071006E /* CountriesListViewController.swift */; };
		35D99C2D1D9AC680001D4AF9 /* AddTaxPayerViewController.xib in Resources */ = {isa = PBXBuildFile; fileRef = 35D99C2C1D9AC680001D4AF9 /* AddTaxPayerViewController.xib */; };
		35E5C7051D5B75BD0078B8C8 /* AppDelegate.swift in Sources */ = {isa = PBXBuildFile; fileRef = 35E5C7041D5B75BD0078B8C8 /* AppDelegate.swift */; };
		35E5C7071D5B75BD0078B8C8 /* StaysListViewController.swift in Sources */ = {isa = PBXBuildFile; fileRef = 35E5C7061D5B75BD0078B8C8 /* StaysListViewController.swift */; };
		35E5C70A1D5B75BE0078B8C8 /* Main.storyboard in Resources */ = {isa = PBXBuildFile; fileRef = 35E5C7081D5B75BE0078B8C8 /* Main.storyboard */; };
		35E5C70C1D5B75BE0078B8C8 /* Assets.xcassets in Resources */ = {isa = PBXBuildFile; fileRef = 35E5C70B1D5B75BE0078B8C8 /* Assets.xcassets */; };
		35E5C70F1D5B75BE0078B8C8 /* LaunchScreen.storyboard in Resources */ = {isa = PBXBuildFile; fileRef = 35E5C70D1D5B75BE0078B8C8 /* LaunchScreen.storyboard */; };
		35E5C71A1D5B75BE0078B8C8 /* VisitCalculatorUITests.swift in Sources */ = {isa = PBXBuildFile; fileRef = 35E5C7191D5B75BE0078B8C8 /* VisitCalculatorUITests.swift */; };
		35E5C7251D5B7AB10078B8C8 /* Stay.swift in Sources */ = {isa = PBXBuildFile; fileRef = 35E5C7241D5B7AB10078B8C8 /* Stay.swift */; };
		35E5C7271D5B7C8B0078B8C8 /* DateFormatHelper.swift in Sources */ = {isa = PBXBuildFile; fileRef = 35E5C7261D5B7C8B0078B8C8 /* DateFormatHelper.swift */; };
		35E5C7291D5B88820078B8C8 /* NSDate.swift in Sources */ = {isa = PBXBuildFile; fileRef = 35E5C7281D5B88820078B8C8 /* NSDate.swift */; };
		7D3D3DA26E2837A8F3C2AEB4 /* Pods_VisitCalculatorTests.framework in Frameworks */ = {isa = PBXBuildFile; fileRef = EC4388F153F27537B2FBD3AE /* Pods_VisitCalculatorTests.framework */; };
		B050A79925F2FDBC6706AB7E /* Pods_VisitCalculatorUITests.framework in Frameworks */ = {isa = PBXBuildFile; fileRef = 72CD7868A15A55D55326AE7D /* Pods_VisitCalculatorUITests.framework */; };
		E460AA886A814F13E6821232 /* Pods_VisitCalculator.framework in Frameworks */ = {isa = PBXBuildFile; fileRef = 88EAC92BA7673FCCE0D30F6B /* Pods_VisitCalculator.framework */; };
/* End PBXBuildFile section */

/* Begin PBXContainerItemProxy section */
		3540D0621D6C8C58000AF728 /* PBXContainerItemProxy */ = {
			isa = PBXContainerItemProxy;
			containerPortal = 35E5C6F91D5B75BD0078B8C8 /* Project object */;
			proxyType = 1;
			remoteGlobalIDString = 35E5C7001D5B75BD0078B8C8;
			remoteInfo = VisitCalculator;
		};
		35E5C7161D5B75BE0078B8C8 /* PBXContainerItemProxy */ = {
			isa = PBXContainerItemProxy;
			containerPortal = 35E5C6F91D5B75BD0078B8C8 /* Project object */;
			proxyType = 1;
			remoteGlobalIDString = 35E5C7001D5B75BD0078B8C8;
			remoteInfo = VisitCalculator;
		};
/* End PBXContainerItemProxy section */

/* Begin PBXFileReference section */
		0F98182FFB2A5482062B8C37 /* Pods-VisitCalculatorTests.debug.xcconfig */ = {isa = PBXFileReference; includeInIndex = 1; lastKnownFileType = text.xcconfig; name = "Pods-VisitCalculatorTests.debug.xcconfig"; path = "Pods/Target Support Files/Pods-VisitCalculatorTests/Pods-VisitCalculatorTests.debug.xcconfig"; sourceTree = "<group>"; };
		1E4BDC95A0DA73798AA7CBDB /* Pods-VisitCalculator.release.xcconfig */ = {isa = PBXFileReference; includeInIndex = 1; lastKnownFileType = text.xcconfig; name = "Pods-VisitCalculator.release.xcconfig"; path = "Pods/Target Support Files/Pods-VisitCalculator/Pods-VisitCalculator.release.xcconfig"; sourceTree = "<group>"; };
		3517A9431D81EB8F00681E40 /* NSUserDefaults.swift */ = {isa = PBXFileReference; fileEncoding = 4; lastKnownFileType = sourcecode.swift; path = NSUserDefaults.swift; sourceTree = "<group>"; };
		3517A9451D81F5BB00681E40 /* AddStayViewController.swift */ = {isa = PBXFileReference; fileEncoding = 4; lastKnownFileType = sourcecode.swift; path = AddStayViewController.swift; sourceTree = "<group>"; };
		351C22F51D9ACD1600C2F983 /* CountriesListViewController.xib */ = {isa = PBXFileReference; fileEncoding = 4; lastKnownFileType = file.xib; path = CountriesListViewController.xib; sourceTree = "<group>"; };
		351CCF571D9C12C300F4E23F /* YearResultsViewController.xib */ = {isa = PBXFileReference; fileEncoding = 4; lastKnownFileType = file.xib; path = YearResultsViewController.xib; sourceTree = "<group>"; };
		351CCF591D9C143E00F4E23F /* StaysListViewController.xib */ = {isa = PBXFileReference; fileEncoding = 4; lastKnownFileType = file.xib; path = StaysListViewController.xib; sourceTree = "<group>"; };
		351CCF5C1D9C1ACA00F4E23F /* ChooseDynamicDateController.xib */ = {isa = PBXFileReference; fileEncoding = 4; lastKnownFileType = file.xib; path = ChooseDynamicDateController.xib; sourceTree = "<group>"; };
		351CCF5E1D9C1F0C00F4E23F /* AddStayViewController.xib */ = {isa = PBXFileReference; fileEncoding = 4; lastKnownFileType = file.xib; path = AddStayViewController.xib; sourceTree = "<group>"; };
		351CCF601D9C298E00F4E23F /* ContainerViewController.xib */ = {isa = PBXFileReference; fileEncoding = 4; lastKnownFileType = file.xib; path = ContainerViewController.xib; sourceTree = "<group>"; };
		35214DE41D7F357F009AD55C /* Model.xcdatamodel */ = {isa = PBXFileReference; lastKnownFileType = wrapper.xcdatamodel; path = Model.xcdatamodel; sourceTree = "<group>"; };
		35214DF41D7F5C39009AD55C /* CoreDataTests.swift */ = {isa = PBXFileReference; fileEncoding = 4; lastKnownFileType = sourcecode.swift; path = CoreDataTests.swift; sourceTree = "<group>"; };
		3540D05D1D6C8C58000AF728 /* VisitCalculatorTests.xctest */ = {isa = PBXFileReference; explicitFileType = wrapper.cfbundle; includeInIndex = 0; path = VisitCalculatorTests.xctest; sourceTree = BUILT_PRODUCTS_DIR; };
		3540D05F1D6C8C58000AF728 /* VisitCalculatorTests.swift */ = {isa = PBXFileReference; lastKnownFileType = sourcecode.swift; path = VisitCalculatorTests.swift; sourceTree = "<group>"; };
		3540D0611D6C8C58000AF728 /* Info.plist */ = {isa = PBXFileReference; lastKnownFileType = text.plist.xml; path = Info.plist; sourceTree = "<group>"; };
		354AFB2F1D889D85009CF6D6 /* CDStay+CoreDataProperties.swift */ = {isa = PBXFileReference; fileEncoding = 4; lastKnownFileType = sourcecode.swift; path = "CDStay+CoreDataProperties.swift"; sourceTree = "<group>"; };
		354AFB321D889D85009CF6D6 /* CDTaxPayer.swift */ = {isa = PBXFileReference; fileEncoding = 4; lastKnownFileType = sourcecode.swift; path = CDTaxPayer.swift; sourceTree = "<group>"; };
		354AFB391D889DEF009CF6D6 /* CDDate.swift */ = {isa = PBXFileReference; fileEncoding = 4; lastKnownFileType = sourcecode.swift; path = CDDate.swift; sourceTree = "<group>"; };
		354AFB3A1D889DEF009CF6D6 /* CDStay.swift */ = {isa = PBXFileReference; fileEncoding = 4; lastKnownFileType = sourcecode.swift; path = CDStay.swift; sourceTree = "<group>"; };
		354AFB3F1D88A026009CF6D6 /* TaxPayersViewController.swift */ = {isa = PBXFileReference; fileEncoding = 4; lastKnownFileType = sourcecode.swift; path = TaxPayersViewController.swift; sourceTree = "<group>"; };
		356992081D7A1E42007CD216 /* Constants.swift */ = {isa = PBXFileReference; fileEncoding = 4; lastKnownFileType = sourcecode.swift; path = Constants.swift; sourceTree = "<group>"; };
		358218EB1D9574CA00D512C3 /* TaxPayersExtensions.swift */ = {isa = PBXFileReference; fileEncoding = 4; lastKnownFileType = sourcecode.swift; path = TaxPayersExtensions.swift; sourceTree = "<group>"; };
		358218EF1D9577F900D512C3 /* ContainerViewController.swift */ = {isa = PBXFileReference; fileEncoding = 4; lastKnownFileType = sourcecode.swift; path = ContainerViewController.swift; sourceTree = "<group>"; };
		3589733B1D89B11700ECC634 /* CDDate+CoreDataProperties.swift */ = {isa = PBXFileReference; fileEncoding = 4; lastKnownFileType = sourcecode.swift; path = "CDDate+CoreDataProperties.swift"; sourceTree = "<group>"; };
		3589733D1D89B14800ECC634 /* CDTaxPayer+CoreDataProperties.swift */ = {isa = PBXFileReference; fileEncoding = 4; lastKnownFileType = sourcecode.swift; path = "CDTaxPayer+CoreDataProperties.swift"; sourceTree = "<group>"; };
		358C62041D9059BB00E9CAA8 /* ValidateStayTests.swift */ = {isa = PBXFileReference; fileEncoding = 4; lastKnownFileType = sourcecode.swift; path = ValidateStayTests.swift; sourceTree = "<group>"; };
		358DD1771D9C0C7C0049979E /* ResultsViewController.xib */ = {isa = PBXFileReference; fileEncoding = 4; lastKnownFileType = file.xib; path = ResultsViewController.xib; sourceTree = "<group>"; };
		35A15C3C1D942408007CCDD0 /* Country.swift */ = {isa = PBXFileReference; fileEncoding = 4; lastKnownFileType = sourcecode.swift; path = Country.swift; sourceTree = "<group>"; };
		35A15C421D948DA0007CCDD0 /* AddTaxPayerViewController.swift */ = {isa = PBXFileReference; fileEncoding = 4; lastKnownFileType = sourcecode.swift; path = AddTaxPayerViewController.swift; sourceTree = "<group>"; };
		35A33E7B1D75F6C1003D2BC6 /* StayHandler.swift */ = {isa = PBXFileReference; fileEncoding = 4; lastKnownFileType = sourcecode.swift; path = StayHandler.swift; sourceTree = "<group>"; };
		35A33E7D1D75F9B4003D2BC6 /* StayHandlerTests.swift */ = {isa = PBXFileReference; fileEncoding = 4; lastKnownFileType = sourcecode.swift; path = StayHandlerTests.swift; sourceTree = "<group>"; };
		35A4C37E1D786E0800488A2E /* YearResultsViewController.swift */ = {isa = PBXFileReference; fileEncoding = 4; lastKnownFileType = sourcecode.swift; path = YearResultsViewController.swift; sourceTree = "<group>"; };
		35A4C3801D78C3A900488A2E /* YearResponse.swift */ = {isa = PBXFileReference; fileEncoding = 4; lastKnownFileType = sourcecode.swift; path = YearResponse.swift; sourceTree = "<group>"; };
		35B588311D6B979B0097FBF1 /* DatesCalculatorHelper.swift */ = {isa = PBXFileReference; fileEncoding = 4; lastKnownFileType = sourcecode.swift; path = DatesCalculatorHelper.swift; sourceTree = "<group>"; };
		35B588351D6BA2990097FBF1 /* DatesRange.swift */ = {isa = PBXFileReference; fileEncoding = 4; lastKnownFileType = sourcecode.swift; path = DatesRange.swift; sourceTree = "<group>"; };
		35B67EC71D77240E0073CC58 /* ChooseDynamicDateController.swift */ = {isa = PBXFileReference; fileEncoding = 4; lastKnownFileType = sourcecode.swift; path = ChooseDynamicDateController.swift; sourceTree = "<group>"; };
		35B67ED11D773A060073CC58 /* ResultsViewController.swift */ = {isa = PBXFileReference; fileEncoding = 4; lastKnownFileType = sourcecode.swift; path = ResultsViewController.swift; sourceTree = "<group>"; };
		35C0F1F51D8C884B00442AFE /* CDDateQueries.swift */ = {isa = PBXFileReference; fileEncoding = 4; lastKnownFileType = sourcecode.swift; path = CDDateQueries.swift; sourceTree = "<group>"; };
		35C0F1F81D8CA9FD00442AFE /* CDStayQueries.swift */ = {isa = PBXFileReference; fileEncoding = 4; lastKnownFileType = sourcecode.swift; path = CDStayQueries.swift; sourceTree = "<group>"; };
		35D62C1D1D8AEDF30071006E /* CountriesListViewController.swift */ = {isa = PBXFileReference; fileEncoding = 4; lastKnownFileType = sourcecode.swift; path = CountriesListViewController.swift; sourceTree = "<group>"; };
		35D99C2C1D9AC680001D4AF9 /* AddTaxPayerViewController.xib */ = {isa = PBXFileReference; fileEncoding = 4; lastKnownFileType = file.xib; path = AddTaxPayerViewController.xib; sourceTree = "<group>"; };
		35E5C7011D5B75BD0078B8C8 /* VisitCalculator.app */ = {isa = PBXFileReference; explicitFileType = wrapper.application; includeInIndex = 0; path = VisitCalculator.app; sourceTree = BUILT_PRODUCTS_DIR; };
		35E5C7041D5B75BD0078B8C8 /* AppDelegate.swift */ = {isa = PBXFileReference; lastKnownFileType = sourcecode.swift; path = AppDelegate.swift; sourceTree = "<group>"; };
		35E5C7061D5B75BD0078B8C8 /* StaysListViewController.swift */ = {isa = PBXFileReference; lastKnownFileType = sourcecode.swift; path = StaysListViewController.swift; sourceTree = "<group>"; };
		35E5C7091D5B75BE0078B8C8 /* Base */ = {isa = PBXFileReference; lastKnownFileType = file.storyboard; name = Base; path = Base.lproj/Main.storyboard; sourceTree = "<group>"; };
		35E5C70B1D5B75BE0078B8C8 /* Assets.xcassets */ = {isa = PBXFileReference; lastKnownFileType = folder.assetcatalog; path = Assets.xcassets; sourceTree = "<group>"; };
		35E5C70E1D5B75BE0078B8C8 /* Base */ = {isa = PBXFileReference; lastKnownFileType = file.storyboard; name = Base; path = Base.lproj/LaunchScreen.storyboard; sourceTree = "<group>"; };
		35E5C7101D5B75BE0078B8C8 /* Info.plist */ = {isa = PBXFileReference; lastKnownFileType = text.plist.xml; path = Info.plist; sourceTree = "<group>"; };
		35E5C7151D5B75BE0078B8C8 /* VisitCalculatorUITests.xctest */ = {isa = PBXFileReference; explicitFileType = wrapper.cfbundle; includeInIndex = 0; path = VisitCalculatorUITests.xctest; sourceTree = BUILT_PRODUCTS_DIR; };
		35E5C7191D5B75BE0078B8C8 /* VisitCalculatorUITests.swift */ = {isa = PBXFileReference; lastKnownFileType = sourcecode.swift; path = VisitCalculatorUITests.swift; sourceTree = "<group>"; };
		35E5C71B1D5B75BE0078B8C8 /* Info.plist */ = {isa = PBXFileReference; lastKnownFileType = text.plist.xml; path = Info.plist; sourceTree = "<group>"; };
		35E5C7241D5B7AB10078B8C8 /* Stay.swift */ = {isa = PBXFileReference; fileEncoding = 4; lastKnownFileType = sourcecode.swift; path = Stay.swift; sourceTree = "<group>"; };
		35E5C7261D5B7C8B0078B8C8 /* DateFormatHelper.swift */ = {isa = PBXFileReference; fileEncoding = 4; lastKnownFileType = sourcecode.swift; path = DateFormatHelper.swift; sourceTree = "<group>"; };
		35E5C7281D5B88820078B8C8 /* NSDate.swift */ = {isa = PBXFileReference; fileEncoding = 4; lastKnownFileType = sourcecode.swift; path = NSDate.swift; sourceTree = "<group>"; };
		632852411F9CD0460745406A /* Pods-VisitCalculatorTests.release.xcconfig */ = {isa = PBXFileReference; includeInIndex = 1; lastKnownFileType = text.xcconfig; name = "Pods-VisitCalculatorTests.release.xcconfig"; path = "Pods/Target Support Files/Pods-VisitCalculatorTests/Pods-VisitCalculatorTests.release.xcconfig"; sourceTree = "<group>"; };
		6D54C76CB1B3AF2D6FE9AA93 /* Pods-VisitCalculatorUITests.debug.xcconfig */ = {isa = PBXFileReference; includeInIndex = 1; lastKnownFileType = text.xcconfig; name = "Pods-VisitCalculatorUITests.debug.xcconfig"; path = "Pods/Target Support Files/Pods-VisitCalculatorUITests/Pods-VisitCalculatorUITests.debug.xcconfig"; sourceTree = "<group>"; };
		72CD7868A15A55D55326AE7D /* Pods_VisitCalculatorUITests.framework */ = {isa = PBXFileReference; explicitFileType = wrapper.framework; includeInIndex = 0; path = Pods_VisitCalculatorUITests.framework; sourceTree = BUILT_PRODUCTS_DIR; };
		88EAC92BA7673FCCE0D30F6B /* Pods_VisitCalculator.framework */ = {isa = PBXFileReference; explicitFileType = wrapper.framework; includeInIndex = 0; path = Pods_VisitCalculator.framework; sourceTree = BUILT_PRODUCTS_DIR; };
		DB15D840B28E44A1B891CE01 /* Pods-VisitCalculator.debug.xcconfig */ = {isa = PBXFileReference; includeInIndex = 1; lastKnownFileType = text.xcconfig; name = "Pods-VisitCalculator.debug.xcconfig"; path = "Pods/Target Support Files/Pods-VisitCalculator/Pods-VisitCalculator.debug.xcconfig"; sourceTree = "<group>"; };
		EC4388F153F27537B2FBD3AE /* Pods_VisitCalculatorTests.framework */ = {isa = PBXFileReference; explicitFileType = wrapper.framework; includeInIndex = 0; path = Pods_VisitCalculatorTests.framework; sourceTree = BUILT_PRODUCTS_DIR; };
		FD547852D58EBB48794B0F14 /* Pods-VisitCalculatorUITests.release.xcconfig */ = {isa = PBXFileReference; includeInIndex = 1; lastKnownFileType = text.xcconfig; name = "Pods-VisitCalculatorUITests.release.xcconfig"; path = "Pods/Target Support Files/Pods-VisitCalculatorUITests/Pods-VisitCalculatorUITests.release.xcconfig"; sourceTree = "<group>"; };
/* End PBXFileReference section */

/* Begin PBXFrameworksBuildPhase section */
		3540D05A1D6C8C58000AF728 /* Frameworks */ = {
			isa = PBXFrameworksBuildPhase;
			buildActionMask = 2147483647;
			files = (
				7D3D3DA26E2837A8F3C2AEB4 /* Pods_VisitCalculatorTests.framework in Frameworks */,
			);
			runOnlyForDeploymentPostprocessing = 0;
		};
		35E5C6FE1D5B75BD0078B8C8 /* Frameworks */ = {
			isa = PBXFrameworksBuildPhase;
			buildActionMask = 2147483647;
			files = (
				E460AA886A814F13E6821232 /* Pods_VisitCalculator.framework in Frameworks */,
			);
			runOnlyForDeploymentPostprocessing = 0;
		};
		35E5C7121D5B75BE0078B8C8 /* Frameworks */ = {
			isa = PBXFrameworksBuildPhase;
			buildActionMask = 2147483647;
			files = (
				B050A79925F2FDBC6706AB7E /* Pods_VisitCalculatorUITests.framework in Frameworks */,
			);
			runOnlyForDeploymentPostprocessing = 0;
		};
/* End PBXFrameworksBuildPhase section */

/* Begin PBXGroup section */
		3511662B1D6CD35F00A2A1F2 /* Extensions */ = {
			isa = PBXGroup;
			children = (
				35E5C7281D5B88820078B8C8 /* NSDate.swift */,
				3517A9431D81EB8F00681E40 /* NSUserDefaults.swift */,
			);
			name = Extensions;
			sourceTree = "<group>";
		};
		351C22F71D9ACFF000C2F983 /* CountriesList VC */ = {
			isa = PBXGroup;
			children = (
				35D62C1D1D8AEDF30071006E /* CountriesListViewController.swift */,
				351C22F51D9ACD1600C2F983 /* CountriesListViewController.xib */,
			);
			name = "CountriesList VC";
			sourceTree = "<group>";
		};
		351CCF5B1D9C1A4700F4E23F /* Results */ = {
			isa = PBXGroup;
			children = (
				35B67ED11D773A060073CC58 /* ResultsViewController.swift */,
				358DD1771D9C0C7C0049979E /* ResultsViewController.xib */,
			);
			name = Results;
			sourceTree = "<group>";
		};
		3540D05E1D6C8C58000AF728 /* VisitCalculatorTests */ = {
			isa = PBXGroup;
			children = (
				3540D05F1D6C8C58000AF728 /* VisitCalculatorTests.swift */,
				35A33E7D1D75F9B4003D2BC6 /* StayHandlerTests.swift */,
				35214DF41D7F5C39009AD55C /* CoreDataTests.swift */,
				358C62041D9059BB00E9CAA8 /* ValidateStayTests.swift */,
				3540D0611D6C8C58000AF728 /* Info.plist */,
			);
			path = VisitCalculatorTests;
			sourceTree = "<group>";
		};
		354AFB3D1D889E11009CF6D6 /* Human Files */ = {
			isa = PBXGroup;
			children = (
				354AFB391D889DEF009CF6D6 /* CDDate.swift */,
				354AFB3A1D889DEF009CF6D6 /* CDStay.swift */,
				354AFB321D889D85009CF6D6 /* CDTaxPayer.swift */,
			);
			name = "Human Files";
			sourceTree = "<group>";
		};
		354AFB3E1D889E23009CF6D6 /* Machine Files */ = {
			isa = PBXGroup;
			children = (
				3589733D1D89B14800ECC634 /* CDTaxPayer+CoreDataProperties.swift */,
				3589733B1D89B11700ECC634 /* CDDate+CoreDataProperties.swift */,
				354AFB2F1D889D85009CF6D6 /* CDStay+CoreDataProperties.swift */,
			);
			name = "Machine Files";
			sourceTree = "<group>";
		};
		354AFB411D88A1E1009CF6D6 /* TaxPayers */ = {
			isa = PBXGroup;
			children = (
				354AFB3F1D88A026009CF6D6 /* TaxPayersViewController.swift */,
				358218EE1D9575EA00D512C3 /* Extensions */,
				358218ED1D95751C00D512C3 /* Add Tax Payer */,
			);
			name = TaxPayers;
			sourceTree = "<group>";
		};
		356992021D7A0D52007CD216 /* Year Results */ = {
			isa = PBXGroup;
			children = (
				35A4C37E1D786E0800488A2E /* YearResultsViewController.swift */,
				351CCF571D9C12C300F4E23F /* YearResultsViewController.xib */,
			);
			name = "Year Results";
			sourceTree = "<group>";
		};
		356992031D7A0D5C007CD216 /* Dynamic Date */ = {
			isa = PBXGroup;
			children = (
				35B67EC71D77240E0073CC58 /* ChooseDynamicDateController.swift */,
				351CCF5C1D9C1ACA00F4E23F /* ChooseDynamicDateController.xib */,
				351CCF5B1D9C1A4700F4E23F /* Results */,
			);
			name = "Dynamic Date";
			sourceTree = "<group>";
		};
		356992041D7A0D62007CD216 /* Stays */ = {
			isa = PBXGroup;
			children = (
				35E5C7061D5B75BD0078B8C8 /* StaysListViewController.swift */,
				351CCF591D9C143E00F4E23F /* StaysListViewController.xib */,
				35FED9851D83104500C83F98 /* Add Stay */,
			);
			name = Stays;
			sourceTree = "<group>";
		};
		3569920A1D7A1EEF007CD216 /* Utils */ = {
			isa = PBXGroup;
			children = (
				356992081D7A1E42007CD216 /* Constants.swift */,
			);
			name = Utils;
			sourceTree = "<group>";
		};
		356DD6DE1D7F324D001DD360 /* CoreData */ = {
			isa = PBXGroup;
			children = (
				35C0F1F71D8C885200442AFE /* Queries */,
				354AFB3D1D889E11009CF6D6 /* Human Files */,
				354AFB3E1D889E23009CF6D6 /* Machine Files */,
				35214DE31D7F357F009AD55C /* Model.xcdatamodeld */,
			);
			name = CoreData;
			sourceTree = "<group>";
		};
		358218ED1D95751C00D512C3 /* Add Tax Payer */ = {
			isa = PBXGroup;
			children = (
				35A15C421D948DA0007CCDD0 /* AddTaxPayerViewController.swift */,
				35D99C2C1D9AC680001D4AF9 /* AddTaxPayerViewController.xib */,
			);
			name = "Add Tax Payer";
			sourceTree = "<group>";
		};
		358218EE1D9575EA00D512C3 /* Extensions */ = {
			isa = PBXGroup;
			children = (
				358218EB1D9574CA00D512C3 /* TaxPayersExtensions.swift */,
			);
			name = Extensions;
			sourceTree = "<group>";
		};
		35B588331D6B97B60097FBF1 /* Helpers */ = {
			isa = PBXGroup;
			children = (
				35E5C7261D5B7C8B0078B8C8 /* DateFormatHelper.swift */,
				35B588311D6B979B0097FBF1 /* DatesCalculatorHelper.swift */,
			);
			name = Helpers;
			sourceTree = "<group>";
		};
		35B588341D6BA2880097FBF1 /* Models */ = {
			isa = PBXGroup;
			children = (
				35E5C7241D5B7AB10078B8C8 /* Stay.swift */,
				35B588351D6BA2990097FBF1 /* DatesRange.swift */,
				35A4C3801D78C3A900488A2E /* YearResponse.swift */,
				35A15C3C1D942408007CCDD0 /* Country.swift */,
			);
			name = Models;
			sourceTree = "<group>";
		};
		35B67EC91D7726A80073CC58 /* Controllers */ = {
			isa = PBXGroup;
			children = (
				354AFB411D88A1E1009CF6D6 /* TaxPayers */,
				356992041D7A0D62007CD216 /* Stays */,
				356992031D7A0D5C007CD216 /* Dynamic Date */,
				356992021D7A0D52007CD216 /* Year Results */,
				358218EF1D9577F900D512C3 /* ContainerViewController.swift */,
				351CCF601D9C298E00F4E23F /* ContainerViewController.xib */,
			);
			name = Controllers;
			sourceTree = "<group>";
		};
		35B67ECA1D7726C10073CC58 /* Handlers */ = {
			isa = PBXGroup;
			children = (
				35A33E7B1D75F6C1003D2BC6 /* StayHandler.swift */,
			);
			name = Handlers;
			sourceTree = "<group>";
		};
		35B67ECB1D7726D20073CC58 /* Storyboards */ = {
			isa = PBXGroup;
			children = (
				35E5C7081D5B75BE0078B8C8 /* Main.storyboard */,
				35E5C70D1D5B75BE0078B8C8 /* LaunchScreen.storyboard */,
			);
			name = Storyboards;
			sourceTree = "<group>";
		};
		35B67ECC1D7726EA0073CC58 /* Resource Files */ = {
			isa = PBXGroup;
			children = (
				35E5C70B1D5B75BE0078B8C8 /* Assets.xcassets */,
				35E5C7101D5B75BE0078B8C8 /* Info.plist */,
			);
			name = "Resource Files";
			sourceTree = "<group>";
		};
		35C0F1F71D8C885200442AFE /* Queries */ = {
			isa = PBXGroup;
			children = (
				35C0F1F51D8C884B00442AFE /* CDDateQueries.swift */,
				35C0F1F81D8CA9FD00442AFE /* CDStayQueries.swift */,
			);
			name = Queries;
			sourceTree = "<group>";
		};
		35E5C6F81D5B75BD0078B8C8 = {
			isa = PBXGroup;
			children = (
				35E5C7031D5B75BD0078B8C8 /* VisitCalculator */,
				35E5C7181D5B75BE0078B8C8 /* VisitCalculatorUITests */,
				3540D05E1D6C8C58000AF728 /* VisitCalculatorTests */,
				35E5C7021D5B75BD0078B8C8 /* Products */,
				B7F0A78E87045769A50E6355 /* Pods */,
				A4F8D6B84BDFA409C99AE53A /* Frameworks */,
			);
			sourceTree = "<group>";
		};
		35E5C7021D5B75BD0078B8C8 /* Products */ = {
			isa = PBXGroup;
			children = (
				35E5C7011D5B75BD0078B8C8 /* VisitCalculator.app */,
				35E5C7151D5B75BE0078B8C8 /* VisitCalculatorUITests.xctest */,
				3540D05D1D6C8C58000AF728 /* VisitCalculatorTests.xctest */,
			);
			name = Products;
			sourceTree = "<group>";
		};
		35E5C7031D5B75BD0078B8C8 /* VisitCalculator */ = {
			isa = PBXGroup;
			children = (
				356DD6DE1D7F324D001DD360 /* CoreData */,
				35B67EC91D7726A80073CC58 /* Controllers */,
				35B588341D6BA2880097FBF1 /* Models */,
				35B67ECB1D7726D20073CC58 /* Storyboards */,
				35B588331D6B97B60097FBF1 /* Helpers */,
				3511662B1D6CD35F00A2A1F2 /* Extensions */,
				35B67ECA1D7726C10073CC58 /* Handlers */,
				35B67ECC1D7726EA0073CC58 /* Resource Files */,
				3569920A1D7A1EEF007CD216 /* Utils */,
				35E5C7041D5B75BD0078B8C8 /* AppDelegate.swift */,
			);
			path = VisitCalculator;
			sourceTree = "<group>";
		};
		35E5C7181D5B75BE0078B8C8 /* VisitCalculatorUITests */ = {
			isa = PBXGroup;
			children = (
				35E5C7191D5B75BE0078B8C8 /* VisitCalculatorUITests.swift */,
				35E5C71B1D5B75BE0078B8C8 /* Info.plist */,
			);
			path = VisitCalculatorUITests;
			sourceTree = "<group>";
		};
		35FED9851D83104500C83F98 /* Add Stay */ = {
			isa = PBXGroup;
			children = (
				3517A9451D81F5BB00681E40 /* AddStayViewController.swift */,
				351CCF5E1D9C1F0C00F4E23F /* AddStayViewController.xib */,
				351C22F71D9ACFF000C2F983 /* CountriesList VC */,
			);
			name = "Add Stay";
			sourceTree = "<group>";
		};
		A4F8D6B84BDFA409C99AE53A /* Frameworks */ = {
			isa = PBXGroup;
			children = (
				88EAC92BA7673FCCE0D30F6B /* Pods_VisitCalculator.framework */,
				72CD7868A15A55D55326AE7D /* Pods_VisitCalculatorUITests.framework */,
				EC4388F153F27537B2FBD3AE /* Pods_VisitCalculatorTests.framework */,
			);
			name = Frameworks;
			sourceTree = "<group>";
		};
		B7F0A78E87045769A50E6355 /* Pods */ = {
			isa = PBXGroup;
			children = (
				DB15D840B28E44A1B891CE01 /* Pods-VisitCalculator.debug.xcconfig */,
				1E4BDC95A0DA73798AA7CBDB /* Pods-VisitCalculator.release.xcconfig */,
				6D54C76CB1B3AF2D6FE9AA93 /* Pods-VisitCalculatorUITests.debug.xcconfig */,
				FD547852D58EBB48794B0F14 /* Pods-VisitCalculatorUITests.release.xcconfig */,
				0F98182FFB2A5482062B8C37 /* Pods-VisitCalculatorTests.debug.xcconfig */,
				632852411F9CD0460745406A /* Pods-VisitCalculatorTests.release.xcconfig */,
			);
			name = Pods;
			sourceTree = "<group>";
		};
/* End PBXGroup section */

/* Begin PBXNativeTarget section */
		3540D05C1D6C8C58000AF728 /* VisitCalculatorTests */ = {
			isa = PBXNativeTarget;
			buildConfigurationList = 3540D0661D6C8C58000AF728 /* Build configuration list for PBXNativeTarget "VisitCalculatorTests" */;
			buildPhases = (
				DB98CAEF25455C58BC31D98B /* [CP] Check Pods Manifest.lock */,
				3540D0591D6C8C58000AF728 /* Sources */,
				3540D05A1D6C8C58000AF728 /* Frameworks */,
				3540D05B1D6C8C58000AF728 /* Resources */,
				1850800DAFCFAF590E1D3998 /* [CP] Embed Pods Frameworks */,
				D02190660B68114931D8E453 /* [CP] Copy Pods Resources */,
			);
			buildRules = (
			);
			dependencies = (
				3540D0631D6C8C58000AF728 /* PBXTargetDependency */,
			);
			name = VisitCalculatorTests;
			productName = VisitCalculatorTests;
			productReference = 3540D05D1D6C8C58000AF728 /* VisitCalculatorTests.xctest */;
			productType = "com.apple.product-type.bundle.unit-test";
		};
		35E5C7001D5B75BD0078B8C8 /* VisitCalculator */ = {
			isa = PBXNativeTarget;
			buildConfigurationList = 35E5C71E1D5B75BE0078B8C8 /* Build configuration list for PBXNativeTarget "VisitCalculator" */;
			buildPhases = (
				2F371D4FC7FE4C1C5441BB00 /* [CP] Check Pods Manifest.lock */,
				35E5C6FD1D5B75BD0078B8C8 /* Sources */,
				35E5C6FE1D5B75BD0078B8C8 /* Frameworks */,
				35E5C6FF1D5B75BD0078B8C8 /* Resources */,
				A5168B8D9ECEDDF7B4889996 /* [CP] Embed Pods Frameworks */,
				ED828F3FB6F49FE422E145A1 /* [CP] Copy Pods Resources */,
			);
			buildRules = (
			);
			dependencies = (
			);
			name = VisitCalculator;
			productName = VisitCalculator;
			productReference = 35E5C7011D5B75BD0078B8C8 /* VisitCalculator.app */;
			productType = "com.apple.product-type.application";
		};
		35E5C7141D5B75BE0078B8C8 /* VisitCalculatorUITests */ = {
			isa = PBXNativeTarget;
			buildConfigurationList = 35E5C7211D5B75BE0078B8C8 /* Build configuration list for PBXNativeTarget "VisitCalculatorUITests" */;
			buildPhases = (
				9583AFDFC3E1924260FF1615 /* [CP] Check Pods Manifest.lock */,
				35E5C7111D5B75BE0078B8C8 /* Sources */,
				35E5C7121D5B75BE0078B8C8 /* Frameworks */,
				35E5C7131D5B75BE0078B8C8 /* Resources */,
				AE330C4A84094B6015535C23 /* [CP] Copy Pods Resources */,
			);
			buildRules = (
			);
			dependencies = (
				35E5C7171D5B75BE0078B8C8 /* PBXTargetDependency */,
			);
			name = VisitCalculatorUITests;
			productName = VisitCalculatorUITests;
			productReference = 35E5C7151D5B75BE0078B8C8 /* VisitCalculatorUITests.xctest */;
			productType = "com.apple.product-type.bundle.ui-testing";
		};
/* End PBXNativeTarget section */

/* Begin PBXProject section */
		35E5C6F91D5B75BD0078B8C8 /* Project object */ = {
			isa = PBXProject;
			attributes = {
				LastSwiftUpdateCheck = 0730;
				LastUpgradeCheck = 0730;
				ORGANIZATIONNAME = ARF;
				TargetAttributes = {
					3540D05C1D6C8C58000AF728 = {
						CreatedOnToolsVersion = 7.3.1;
						TestTargetID = 35E5C7001D5B75BD0078B8C8;
					};
					35E5C7001D5B75BD0078B8C8 = {
						CreatedOnToolsVersion = 7.3.1;
					};
					35E5C7141D5B75BE0078B8C8 = {
						CreatedOnToolsVersion = 7.3.1;
						TestTargetID = 35E5C7001D5B75BD0078B8C8;
					};
				};
			};
			buildConfigurationList = 35E5C6FC1D5B75BD0078B8C8 /* Build configuration list for PBXProject "VisitCalculator" */;
			compatibilityVersion = "Xcode 3.2";
			developmentRegion = English;
			hasScannedForEncodings = 0;
			knownRegions = (
				en,
				Base,
			);
			mainGroup = 35E5C6F81D5B75BD0078B8C8;
			productRefGroup = 35E5C7021D5B75BD0078B8C8 /* Products */;
			projectDirPath = "";
			projectRoot = "";
			targets = (
				35E5C7001D5B75BD0078B8C8 /* VisitCalculator */,
				35E5C7141D5B75BE0078B8C8 /* VisitCalculatorUITests */,
				3540D05C1D6C8C58000AF728 /* VisitCalculatorTests */,
			);
		};
/* End PBXProject section */

/* Begin PBXResourcesBuildPhase section */
		3540D05B1D6C8C58000AF728 /* Resources */ = {
			isa = PBXResourcesBuildPhase;
			buildActionMask = 2147483647;
			files = (
			);
			runOnlyForDeploymentPostprocessing = 0;
		};
		35E5C6FF1D5B75BD0078B8C8 /* Resources */ = {
			isa = PBXResourcesBuildPhase;
			buildActionMask = 2147483647;
			files = (
				35D99C2D1D9AC680001D4AF9 /* AddTaxPayerViewController.xib in Resources */,
				35E5C70F1D5B75BE0078B8C8 /* LaunchScreen.storyboard in Resources */,
				351CCF581D9C12C300F4E23F /* YearResultsViewController.xib in Resources */,
				351CCF5F1D9C1F0C00F4E23F /* AddStayViewController.xib in Resources */,
				351CCF611D9C298E00F4E23F /* ContainerViewController.xib in Resources */,
				35E5C70C1D5B75BE0078B8C8 /* Assets.xcassets in Resources */,
				351CCF5D1D9C1ACA00F4E23F /* ChooseDynamicDateController.xib in Resources */,
				351CCF5A1D9C143E00F4E23F /* StaysListViewController.xib in Resources */,
				358DD1781D9C0C7C0049979E /* ResultsViewController.xib in Resources */,
				35E5C70A1D5B75BE0078B8C8 /* Main.storyboard in Resources */,
				351C22F61D9ACD1600C2F983 /* CountriesListViewController.xib in Resources */,
			);
			runOnlyForDeploymentPostprocessing = 0;
		};
		35E5C7131D5B75BE0078B8C8 /* Resources */ = {
			isa = PBXResourcesBuildPhase;
			buildActionMask = 2147483647;
			files = (
			);
			runOnlyForDeploymentPostprocessing = 0;
		};
/* End PBXResourcesBuildPhase section */

/* Begin PBXShellScriptBuildPhase section */
		1850800DAFCFAF590E1D3998 /* [CP] Embed Pods Frameworks */ = {
			isa = PBXShellScriptBuildPhase;
			buildActionMask = 2147483647;
			files = (
			);
			inputPaths = (
			);
			name = "[CP] Embed Pods Frameworks";
			outputPaths = (
			);
			runOnlyForDeploymentPostprocessing = 0;
			shellPath = /bin/sh;
			shellScript = "\"${SRCROOT}/Pods/Target Support Files/Pods-VisitCalculatorTests/Pods-VisitCalculatorTests-frameworks.sh\"\n";
			showEnvVarsInLog = 0;
		};
		2F371D4FC7FE4C1C5441BB00 /* [CP] Check Pods Manifest.lock */ = {
			isa = PBXShellScriptBuildPhase;
			buildActionMask = 2147483647;
			files = (
			);
			inputPaths = (
			);
			name = "[CP] Check Pods Manifest.lock";
			outputPaths = (
			);
			runOnlyForDeploymentPostprocessing = 0;
			shellPath = /bin/sh;
			shellScript = "diff \"${PODS_ROOT}/../Podfile.lock\" \"${PODS_ROOT}/Manifest.lock\" > /dev/null\nif [[ $? != 0 ]] ; then\n    cat << EOM\nerror: The sandbox is not in sync with the Podfile.lock. Run 'pod install' or update your CocoaPods installation.\nEOM\n    exit 1\nfi\n";
			showEnvVarsInLog = 0;
		};
		9583AFDFC3E1924260FF1615 /* [CP] Check Pods Manifest.lock */ = {
			isa = PBXShellScriptBuildPhase;
			buildActionMask = 2147483647;
			files = (
			);
			inputPaths = (
			);
			name = "[CP] Check Pods Manifest.lock";
			outputPaths = (
			);
			runOnlyForDeploymentPostprocessing = 0;
			shellPath = /bin/sh;
			shellScript = "diff \"${PODS_ROOT}/../Podfile.lock\" \"${PODS_ROOT}/Manifest.lock\" > /dev/null\nif [[ $? != 0 ]] ; then\n    cat << EOM\nerror: The sandbox is not in sync with the Podfile.lock. Run 'pod install' or update your CocoaPods installation.\nEOM\n    exit 1\nfi\n";
			showEnvVarsInLog = 0;
		};
		A5168B8D9ECEDDF7B4889996 /* [CP] Embed Pods Frameworks */ = {
			isa = PBXShellScriptBuildPhase;
			buildActionMask = 2147483647;
			files = (
			);
			inputPaths = (
			);
			name = "[CP] Embed Pods Frameworks";
			outputPaths = (
			);
			runOnlyForDeploymentPostprocessing = 0;
			shellPath = /bin/sh;
			shellScript = "\"${SRCROOT}/Pods/Target Support Files/Pods-VisitCalculator/Pods-VisitCalculator-frameworks.sh\"\n";
			showEnvVarsInLog = 0;
		};
		AE330C4A84094B6015535C23 /* [CP] Copy Pods Resources */ = {
			isa = PBXShellScriptBuildPhase;
			buildActionMask = 2147483647;
			files = (
			);
			inputPaths = (
			);
			name = "[CP] Copy Pods Resources";
			outputPaths = (
			);
			runOnlyForDeploymentPostprocessing = 0;
			shellPath = /bin/sh;
			shellScript = "\"${SRCROOT}/Pods/Target Support Files/Pods-VisitCalculatorUITests/Pods-VisitCalculatorUITests-resources.sh\"\n";
			showEnvVarsInLog = 0;
		};
		D02190660B68114931D8E453 /* [CP] Copy Pods Resources */ = {
			isa = PBXShellScriptBuildPhase;
			buildActionMask = 2147483647;
			files = (
			);
			inputPaths = (
			);
			name = "[CP] Copy Pods Resources";
			outputPaths = (
			);
			runOnlyForDeploymentPostprocessing = 0;
			shellPath = /bin/sh;
			shellScript = "\"${SRCROOT}/Pods/Target Support Files/Pods-VisitCalculatorTests/Pods-VisitCalculatorTests-resources.sh\"\n";
			showEnvVarsInLog = 0;
		};
		DB98CAEF25455C58BC31D98B /* [CP] Check Pods Manifest.lock */ = {
			isa = PBXShellScriptBuildPhase;
			buildActionMask = 2147483647;
			files = (
			);
			inputPaths = (
			);
			name = "[CP] Check Pods Manifest.lock";
			outputPaths = (
			);
			runOnlyForDeploymentPostprocessing = 0;
			shellPath = /bin/sh;
			shellScript = "diff \"${PODS_ROOT}/../Podfile.lock\" \"${PODS_ROOT}/Manifest.lock\" > /dev/null\nif [[ $? != 0 ]] ; then\n    cat << EOM\nerror: The sandbox is not in sync with the Podfile.lock. Run 'pod install' or update your CocoaPods installation.\nEOM\n    exit 1\nfi\n";
			showEnvVarsInLog = 0;
		};
		ED828F3FB6F49FE422E145A1 /* [CP] Copy Pods Resources */ = {
			isa = PBXShellScriptBuildPhase;
			buildActionMask = 2147483647;
			files = (
			);
			inputPaths = (
			);
			name = "[CP] Copy Pods Resources";
			outputPaths = (
			);
			runOnlyForDeploymentPostprocessing = 0;
			shellPath = /bin/sh;
			shellScript = "\"${SRCROOT}/Pods/Target Support Files/Pods-VisitCalculator/Pods-VisitCalculator-resources.sh\"\n";
			showEnvVarsInLog = 0;
		};
/* End PBXShellScriptBuildPhase section */

/* Begin PBXSourcesBuildPhase section */
		3540D0591D6C8C58000AF728 /* Sources */ = {
			isa = PBXSourcesBuildPhase;
			buildActionMask = 2147483647;
			files = (
				358C62051D9059BB00E9CAA8 /* ValidateStayTests.swift in Sources */,
				35214DF51D7F5C39009AD55C /* CoreDataTests.swift in Sources */,
				3540D0601D6C8C58000AF728 /* VisitCalculatorTests.swift in Sources */,
				35A33E7E1D75F9B4003D2BC6 /* StayHandlerTests.swift in Sources */,
			);
			runOnlyForDeploymentPostprocessing = 0;
		};
		35E5C6FD1D5B75BD0078B8C8 /* Sources */ = {
			isa = PBXSourcesBuildPhase;
			buildActionMask = 2147483647;
			files = (
				35A15C3D1D942408007CCDD0 /* Country.swift in Sources */,
				354AFB3B1D889DEF009CF6D6 /* CDDate.swift in Sources */,
				35A4C37F1D786E0800488A2E /* YearResultsViewController.swift in Sources */,
				35B67ED21D773A060073CC58 /* ResultsViewController.swift in Sources */,
				3517A9441D81EB8F00681E40 /* NSUserDefaults.swift in Sources */,
				35A15C431D948DA0007CCDD0 /* AddTaxPayerViewController.swift in Sources */,
				35E5C7271D5B7C8B0078B8C8 /* DateFormatHelper.swift in Sources */,
				3589733C1D89B11700ECC634 /* CDDate+CoreDataProperties.swift in Sources */,
				354AFB401D88A026009CF6D6 /* TaxPayersViewController.swift in Sources */,
				356992091D7A1E42007CD216 /* Constants.swift in Sources */,
				358218F01D9577F900D512C3 /* ContainerViewController.swift in Sources */,
				35E5C7251D5B7AB10078B8C8 /* Stay.swift in Sources */,
				35E5C7071D5B75BD0078B8C8 /* StaysListViewController.swift in Sources */,
				35A33E7C1D75F6C1003D2BC6 /* StayHandler.swift in Sources */,
				35B588321D6B979B0097FBF1 /* DatesCalculatorHelper.swift in Sources */,
				3589733E1D89B14800ECC634 /* CDTaxPayer+CoreDataProperties.swift in Sources */,
				354AFB3C1D889DEF009CF6D6 /* CDStay.swift in Sources */,
				35B588361D6BA2990097FBF1 /* DatesRange.swift in Sources */,
				35C0F1F91D8CA9FD00442AFE /* CDStayQueries.swift in Sources */,
				358218EC1D9574CA00D512C3 /* TaxPayersExtensions.swift in Sources */,
				354AFB351D889D85009CF6D6 /* CDStay+CoreDataProperties.swift in Sources */,
				35214DE51D7F357F009AD55C /* Model.xcdatamodeld in Sources */,
				35B67EC81D77240E0073CC58 /* ChooseDynamicDateController.swift in Sources */,
				35D62C1E1D8AEDF30071006E /* CountriesListViewController.swift in Sources */,
				3517A9461D81F5BB00681E40 /* AddStayViewController.swift in Sources */,
				35C0F1F61D8C884B00442AFE /* CDDateQueries.swift in Sources */,
				354AFB381D889D85009CF6D6 /* CDTaxPayer.swift in Sources */,
				35A4C3811D78C3A900488A2E /* YearResponse.swift in Sources */,
				35E5C7051D5B75BD0078B8C8 /* AppDelegate.swift in Sources */,
				35E5C7291D5B88820078B8C8 /* NSDate.swift in Sources */,
			);
			runOnlyForDeploymentPostprocessing = 0;
		};
		35E5C7111D5B75BE0078B8C8 /* Sources */ = {
			isa = PBXSourcesBuildPhase;
			buildActionMask = 2147483647;
			files = (
				35E5C71A1D5B75BE0078B8C8 /* VisitCalculatorUITests.swift in Sources */,
			);
			runOnlyForDeploymentPostprocessing = 0;
		};
/* End PBXSourcesBuildPhase section */

/* Begin PBXTargetDependency section */
		3540D0631D6C8C58000AF728 /* PBXTargetDependency */ = {
			isa = PBXTargetDependency;
			target = 35E5C7001D5B75BD0078B8C8 /* VisitCalculator */;
			targetProxy = 3540D0621D6C8C58000AF728 /* PBXContainerItemProxy */;
		};
		35E5C7171D5B75BE0078B8C8 /* PBXTargetDependency */ = {
			isa = PBXTargetDependency;
			target = 35E5C7001D5B75BD0078B8C8 /* VisitCalculator */;
			targetProxy = 35E5C7161D5B75BE0078B8C8 /* PBXContainerItemProxy */;
		};
/* End PBXTargetDependency section */

/* Begin PBXVariantGroup section */
		35E5C7081D5B75BE0078B8C8 /* Main.storyboard */ = {
			isa = PBXVariantGroup;
			children = (
				35E5C7091D5B75BE0078B8C8 /* Base */,
			);
			name = Main.storyboard;
			sourceTree = "<group>";
		};
		35E5C70D1D5B75BE0078B8C8 /* LaunchScreen.storyboard */ = {
			isa = PBXVariantGroup;
			children = (
				35E5C70E1D5B75BE0078B8C8 /* Base */,
			);
			name = LaunchScreen.storyboard;
			sourceTree = "<group>";
		};
/* End PBXVariantGroup section */

/* Begin XCBuildConfiguration section */
		3540D0641D6C8C58000AF728 /* Debug */ = {
			isa = XCBuildConfiguration;
			baseConfigurationReference = 0F98182FFB2A5482062B8C37 /* Pods-VisitCalculatorTests.debug.xcconfig */;
			buildSettings = {
				BUNDLE_LOADER = "$(TEST_HOST)";
				INFOPLIST_FILE = VisitCalculatorTests/Info.plist;
				LD_RUNPATH_SEARCH_PATHS = "$(inherited) @executable_path/Frameworks @loader_path/Frameworks";
				PRODUCT_BUNDLE_IDENTIFIER = com.ARF.VisitCalculatorTests;
				PRODUCT_NAME = "$(TARGET_NAME)";
				TEST_HOST = "$(BUILT_PRODUCTS_DIR)/VisitCalculator.app/VisitCalculator";
			};
			name = Debug;
		};
		3540D0651D6C8C58000AF728 /* Release */ = {
			isa = XCBuildConfiguration;
			baseConfigurationReference = 632852411F9CD0460745406A /* Pods-VisitCalculatorTests.release.xcconfig */;
			buildSettings = {
				BUNDLE_LOADER = "$(TEST_HOST)";
				INFOPLIST_FILE = VisitCalculatorTests/Info.plist;
				LD_RUNPATH_SEARCH_PATHS = "$(inherited) @executable_path/Frameworks @loader_path/Frameworks";
				PRODUCT_BUNDLE_IDENTIFIER = com.ARF.VisitCalculatorTests;
				PRODUCT_NAME = "$(TARGET_NAME)";
				TEST_HOST = "$(BUILT_PRODUCTS_DIR)/VisitCalculator.app/VisitCalculator";
			};
			name = Release;
		};
		35E5C71C1D5B75BE0078B8C8 /* Debug */ = {
			isa = XCBuildConfiguration;
			buildSettings = {
				ALWAYS_SEARCH_USER_PATHS = NO;
				CLANG_ANALYZER_NONNULL = YES;
				CLANG_CXX_LANGUAGE_STANDARD = "gnu++0x";
				CLANG_CXX_LIBRARY = "libc++";
				CLANG_ENABLE_MODULES = YES;
				CLANG_ENABLE_OBJC_ARC = YES;
				CLANG_WARN_BOOL_CONVERSION = YES;
				CLANG_WARN_CONSTANT_CONVERSION = YES;
				CLANG_WARN_DIRECT_OBJC_ISA_USAGE = YES_ERROR;
				CLANG_WARN_EMPTY_BODY = YES;
				CLANG_WARN_ENUM_CONVERSION = YES;
				CLANG_WARN_INT_CONVERSION = YES;
				CLANG_WARN_OBJC_ROOT_CLASS = YES_ERROR;
				CLANG_WARN_UNREACHABLE_CODE = YES;
				CLANG_WARN__DUPLICATE_METHOD_MATCH = YES;
				"CODE_SIGN_IDENTITY[sdk=iphoneos*]" = "iPhone Developer";
				COPY_PHASE_STRIP = NO;
				DEBUG_INFORMATION_FORMAT = dwarf;
				ENABLE_STRICT_OBJC_MSGSEND = YES;
				ENABLE_TESTABILITY = YES;
				GCC_C_LANGUAGE_STANDARD = gnu99;
				GCC_DYNAMIC_NO_PIC = NO;
				GCC_NO_COMMON_BLOCKS = YES;
				GCC_OPTIMIZATION_LEVEL = 0;
				GCC_PREPROCESSOR_DEFINITIONS = (
					"DEBUG=1",
					"$(inherited)",
				);
				GCC_WARN_64_TO_32_BIT_CONVERSION = YES;
				GCC_WARN_ABOUT_RETURN_TYPE = YES_ERROR;
				GCC_WARN_UNDECLARED_SELECTOR = YES;
				GCC_WARN_UNINITIALIZED_AUTOS = YES_AGGRESSIVE;
				GCC_WARN_UNUSED_FUNCTION = YES;
				GCC_WARN_UNUSED_VARIABLE = YES;
				IPHONEOS_DEPLOYMENT_TARGET = 9.3;
				MTL_ENABLE_DEBUG_INFO = YES;
				ONLY_ACTIVE_ARCH = YES;
				SDKROOT = iphoneos;
				SWIFT_OPTIMIZATION_LEVEL = "-Onone";
			};
			name = Debug;
		};
		35E5C71D1D5B75BE0078B8C8 /* Release */ = {
			isa = XCBuildConfiguration;
			buildSettings = {
				ALWAYS_SEARCH_USER_PATHS = NO;
				CLANG_ANALYZER_NONNULL = YES;
				CLANG_CXX_LANGUAGE_STANDARD = "gnu++0x";
				CLANG_CXX_LIBRARY = "libc++";
				CLANG_ENABLE_MODULES = YES;
				CLANG_ENABLE_OBJC_ARC = YES;
				CLANG_WARN_BOOL_CONVERSION = YES;
				CLANG_WARN_CONSTANT_CONVERSION = YES;
				CLANG_WARN_DIRECT_OBJC_ISA_USAGE = YES_ERROR;
				CLANG_WARN_EMPTY_BODY = YES;
				CLANG_WARN_ENUM_CONVERSION = YES;
				CLANG_WARN_INT_CONVERSION = YES;
				CLANG_WARN_OBJC_ROOT_CLASS = YES_ERROR;
				CLANG_WARN_UNREACHABLE_CODE = YES;
				CLANG_WARN__DUPLICATE_METHOD_MATCH = YES;
				"CODE_SIGN_IDENTITY[sdk=iphoneos*]" = "iPhone Developer";
				COPY_PHASE_STRIP = NO;
				DEBUG_INFORMATION_FORMAT = "dwarf-with-dsym";
				ENABLE_NS_ASSERTIONS = NO;
				ENABLE_STRICT_OBJC_MSGSEND = YES;
				GCC_C_LANGUAGE_STANDARD = gnu99;
				GCC_NO_COMMON_BLOCKS = YES;
				GCC_WARN_64_TO_32_BIT_CONVERSION = YES;
				GCC_WARN_ABOUT_RETURN_TYPE = YES_ERROR;
				GCC_WARN_UNDECLARED_SELECTOR = YES;
				GCC_WARN_UNINITIALIZED_AUTOS = YES_AGGRESSIVE;
				GCC_WARN_UNUSED_FUNCTION = YES;
				GCC_WARN_UNUSED_VARIABLE = YES;
				IPHONEOS_DEPLOYMENT_TARGET = 9.3;
				MTL_ENABLE_DEBUG_INFO = NO;
				SDKROOT = iphoneos;
				VALIDATE_PRODUCT = YES;
			};
			name = Release;
		};
		35E5C71F1D5B75BE0078B8C8 /* Debug */ = {
			isa = XCBuildConfiguration;
			baseConfigurationReference = DB15D840B28E44A1B891CE01 /* Pods-VisitCalculator.debug.xcconfig */;
			buildSettings = {
				ASSETCATALOG_COMPILER_APPICON_NAME = AppIcon;
				INFOPLIST_FILE = VisitCalculator/Info.plist;
				LD_RUNPATH_SEARCH_PATHS = "$(inherited) @executable_path/Frameworks";
				PRODUCT_BUNDLE_IDENTIFIER = com.ARF.VisitCalculator;
				PRODUCT_NAME = "$(TARGET_NAME)";
				PROVISIONING_PROFILE = "";
			};
			name = Debug;
		};
		35E5C7201D5B75BE0078B8C8 /* Release */ = {
			isa = XCBuildConfiguration;
			baseConfigurationReference = 1E4BDC95A0DA73798AA7CBDB /* Pods-VisitCalculator.release.xcconfig */;
			buildSettings = {
				ASSETCATALOG_COMPILER_APPICON_NAME = AppIcon;
				INFOPLIST_FILE = VisitCalculator/Info.plist;
				LD_RUNPATH_SEARCH_PATHS = "$(inherited) @executable_path/Frameworks";
				PRODUCT_BUNDLE_IDENTIFIER = com.ARF.VisitCalculator;
				PRODUCT_NAME = "$(TARGET_NAME)";
				PROVISIONING_PROFILE = "";
			};
			name = Release;
		};
		35E5C7221D5B75BE0078B8C8 /* Debug */ = {
			isa = XCBuildConfiguration;
			baseConfigurationReference = 6D54C76CB1B3AF2D6FE9AA93 /* Pods-VisitCalculatorUITests.debug.xcconfig */;
			buildSettings = {
				INFOPLIST_FILE = VisitCalculatorUITests/Info.plist;
				LD_RUNPATH_SEARCH_PATHS = "$(inherited) @executable_path/Frameworks @loader_path/Frameworks";
				PRODUCT_BUNDLE_IDENTIFIER = com.ARF.VisitCalculatorUITests;
				PRODUCT_NAME = "$(TARGET_NAME)";
				TEST_TARGET_NAME = VisitCalculator;
			};
			name = Debug;
		};
		35E5C7231D5B75BE0078B8C8 /* Release */ = {
			isa = XCBuildConfiguration;
			baseConfigurationReference = FD547852D58EBB48794B0F14 /* Pods-VisitCalculatorUITests.release.xcconfig */;
			buildSettings = {
				INFOPLIST_FILE = VisitCalculatorUITests/Info.plist;
				LD_RUNPATH_SEARCH_PATHS = "$(inherited) @executable_path/Frameworks @loader_path/Frameworks";
				PRODUCT_BUNDLE_IDENTIFIER = com.ARF.VisitCalculatorUITests;
				PRODUCT_NAME = "$(TARGET_NAME)";
				TEST_TARGET_NAME = VisitCalculator;
			};
			name = Release;
		};
/* End XCBuildConfiguration section */

/* Begin XCConfigurationList section */
		3540D0661D6C8C58000AF728 /* Build configuration list for PBXNativeTarget "VisitCalculatorTests" */ = {
			isa = XCConfigurationList;
			buildConfigurations = (
				3540D0641D6C8C58000AF728 /* Debug */,
				3540D0651D6C8C58000AF728 /* Release */,
			);
			defaultConfigurationIsVisible = 0;
			defaultConfigurationName = Release;
		};
		35E5C6FC1D5B75BD0078B8C8 /* Build configuration list for PBXProject "VisitCalculator" */ = {
			isa = XCConfigurationList;
			buildConfigurations = (
				35E5C71C1D5B75BE0078B8C8 /* Debug */,
				35E5C71D1D5B75BE0078B8C8 /* Release */,
			);
			defaultConfigurationIsVisible = 0;
			defaultConfigurationName = Release;
		};
		35E5C71E1D5B75BE0078B8C8 /* Build configuration list for PBXNativeTarget "VisitCalculator" */ = {
			isa = XCConfigurationList;
			buildConfigurations = (
				35E5C71F1D5B75BE0078B8C8 /* Debug */,
				35E5C7201D5B75BE0078B8C8 /* Release */,
			);
			defaultConfigurationIsVisible = 0;
			defaultConfigurationName = Release;
		};
		35E5C7211D5B75BE0078B8C8 /* Build configuration list for PBXNativeTarget "VisitCalculatorUITests" */ = {
			isa = XCConfigurationList;
			buildConfigurations = (
				35E5C7221D5B75BE0078B8C8 /* Debug */,
				35E5C7231D5B75BE0078B8C8 /* Release */,
			);
			defaultConfigurationIsVisible = 0;
			defaultConfigurationName = Release;
		};
/* End XCConfigurationList section */

/* Begin XCVersionGroup section */
		35214DE31D7F357F009AD55C /* Model.xcdatamodeld */ = {
			isa = XCVersionGroup;
			children = (
				35214DE41D7F357F009AD55C /* Model.xcdatamodel */,
			);
			currentVersion = 35214DE41D7F357F009AD55C /* Model.xcdatamodel */;
			path = Model.xcdatamodeld;
			sourceTree = "<group>";
			versionGroupType = wrapper.xcdatamodel;
		};
/* End XCVersionGroup section */
	};
	rootObject = 35E5C6F91D5B75BD0078B8C8 /* Project object */;
}
